// !$*UTF8*$!
{
	archiveVersion = 1;
	classes = {
	};
	objectVersion = 56;
	objects = {

/* Begin PBXBuildFile section */
		7F6FAE512ABBBB9B009E2F79 /* orgView2.swift in Sources */ = {isa = PBXBuildFile; fileRef = 7F6FAE502ABBBB9B009E2F79 /* orgView2.swift */; };
		7F8600192AD63C2100447462 /* PDF.swift in Sources */ = {isa = PBXBuildFile; fileRef = 7F8600182AD63C2100447462 /* PDF.swift */; };
		7F86001F2AD63F9200447462 /* sample1.pdf in Resources */ = {isa = PBXBuildFile; fileRef = 7F86001E2AD63F9200447462 /* sample1.pdf */; };
		7F8600212AD63F9700447462 /* sample2 (1).pdf in Resources */ = {isa = PBXBuildFile; fileRef = 7F8600202AD63F9700447462 /* sample2 (1).pdf */; };
		7F8600232AD63F9A00447462 /* sample3 (1).pdf in Resources */ = {isa = PBXBuildFile; fileRef = 7F8600222AD63F9A00447462 /* sample3 (1).pdf */; };
		7F91B02D2AC23A4B002713A3 /* PreguntasView.swift in Sources */ = {isa = PBXBuildFile; fileRef = 7F91B02C2AC23A4B002713A3 /* PreguntasView.swift */; };
		7FA9D1D62AB7CE57007EA960 /* FrisaApp.swift in Sources */ = {isa = PBXBuildFile; fileRef = 7FA9D1D52AB7CE57007EA960 /* FrisaApp.swift */; };
		7FA9D1D82AB7CE57007EA960 /* ContentView.swift in Sources */ = {isa = PBXBuildFile; fileRef = 7FA9D1D72AB7CE57007EA960 /* ContentView.swift */; };
		7FA9D1DA2AB7CE57007EA960 /* Item.swift in Sources */ = {isa = PBXBuildFile; fileRef = 7FA9D1D92AB7CE57007EA960 /* Item.swift */; };
		7FA9D1DC2AB7CE5A007EA960 /* Assets.xcassets in Resources */ = {isa = PBXBuildFile; fileRef = 7FA9D1DB2AB7CE5A007EA960 /* Assets.xcassets */; };
		7FA9D1E02AB7CE5A007EA960 /* Preview Assets.xcassets in Resources */ = {isa = PBXBuildFile; fileRef = 7FA9D1DF2AB7CE5A007EA960 /* Preview Assets.xcassets */; };
		7FA9D1EA2AB7CE5A007EA960 /* FrisaTests.swift in Sources */ = {isa = PBXBuildFile; fileRef = 7FA9D1E92AB7CE5A007EA960 /* FrisaTests.swift */; };
		7FA9D1F42AB7CE5A007EA960 /* FrisaUITests.swift in Sources */ = {isa = PBXBuildFile; fileRef = 7FA9D1F32AB7CE5A007EA960 /* FrisaUITests.swift */; };
		7FA9D1F62AB7CE5A007EA960 /* FrisaUITestsLaunchTests.swift in Sources */ = {isa = PBXBuildFile; fileRef = 7FA9D1F52AB7CE5A007EA960 /* FrisaUITestsLaunchTests.swift */; };
		7FA9D2032AB7CEBE007EA960 /* LoginView.swift in Sources */ = {isa = PBXBuildFile; fileRef = 7FA9D2022AB7CEBE007EA960 /* LoginView.swift */; };
		7FA9D2052AB80304007EA960 /* RegisterView.swift in Sources */ = {isa = PBXBuildFile; fileRef = 7FA9D2042AB80304007EA960 /* RegisterView.swift */; };
		7FA9D2092AB82D8D007EA960 /* MainAppView.swift in Sources */ = {isa = PBXBuildFile; fileRef = 7FA9D2082AB82D8D007EA960 /* MainAppView.swift */; };
		FB0ADEBB2ABB8DDA005587F3 /* ManageTokens.swift in Sources */ = {isa = PBXBuildFile; fileRef = FB0ADEBA2ABB8DDA005587F3 /* ManageTokens.swift */; };
		FB0ADEBD2ABB91F5005587F3 /* AuthenticationManager.swift in Sources */ = {isa = PBXBuildFile; fileRef = FB0ADEBC2ABB91F5005587F3 /* AuthenticationManager.swift */; };
		FB1721052ADF24E9006EF237 /* extraInfoView.swift in Sources */ = {isa = PBXBuildFile; fileRef = FB1721042ADF24E9006EF237 /* extraInfoView.swift */; };
		FB1721082ADF293F006EF237 /* iPhoneNumberField in Frameworks */ = {isa = PBXBuildFile; productRef = FB1721072ADF293F006EF237 /* iPhoneNumberField */; };
		FB17210B2ADF30F4006EF237 /* Kingfisher in Frameworks */ = {isa = PBXBuildFile; productRef = FB17210A2ADF30F4006EF237 /* Kingfisher */; };
		FB2CB6642ABCF6F30045B3C0 /* Alamofire in Frameworks */ = {isa = PBXBuildFile; productRef = FB2CB6632ABCF6F30045B3C0 /* Alamofire */; };
		FB2CB6662ABCF9080045B3C0 /* TokenResponse.swift in Sources */ = {isa = PBXBuildFile; fileRef = FB2CB6652ABCF9080045B3C0 /* TokenResponse.swift */; };
		FB2CB6682ABCFD150045B3C0 /* AccessTokenAdapter.swift in Sources */ = {isa = PBXBuildFile; fileRef = FB2CB6672ABCFD150045B3C0 /* AccessTokenAdapter.swift */; };
		FB4CC87B2ABA6C300044878B /* SearchView.swift in Sources */ = {isa = PBXBuildFile; fileRef = FB4CC87A2ABA6C300044878B /* SearchView.swift */; };
		FB53A4402AD62C5000A5D6E5 /* menuBarView.swift in Sources */ = {isa = PBXBuildFile; fileRef = FB53A43F2AD62C5000A5D6E5 /* menuBarView.swift */; };
		FB53A4422AD62C8B00A5D6E5 /* resultsView.swift in Sources */ = {isa = PBXBuildFile; fileRef = FB53A4412AD62C8B00A5D6E5 /* resultsView.swift */; };
		FB53A4442AD62CAA00A5D6E5 /* favoriteView.swift in Sources */ = {isa = PBXBuildFile; fileRef = FB53A4432AD62CAA00A5D6E5 /* favoriteView.swift */; };
		FB5CE38F2AD89EE400F0FC0C /* review.swift in Sources */ = {isa = PBXBuildFile; fileRef = FB5CE38E2AD89EE400F0FC0C /* review.swift */; };
		FB5CE3912AD8A50500F0FC0C /* reviewModel.swift in Sources */ = {isa = PBXBuildFile; fileRef = FB5CE3902AD8A50500F0FC0C /* reviewModel.swift */; };
		FB5CE3942AD8A58E00F0FC0C /* SwiftyJSON in Frameworks */ = {isa = PBXBuildFile; productRef = FB5CE3932AD8A58E00F0FC0C /* SwiftyJSON */; };
		FB73F47B2ACF72BB00D9D983 /* ratingView.swift in Sources */ = {isa = PBXBuildFile; fileRef = FB73F47A2ACF72BB00D9D983 /* ratingView.swift */; };
		FB73F47D2ACF730F00D9D983 /* CommentView.swift in Sources */ = {isa = PBXBuildFile; fileRef = FB73F47C2ACF730F00D9D983 /* CommentView.swift */; };
		FB94B6902AC25D3D00C1ABAF /* UserView.swift in Sources */ = {isa = PBXBuildFile; fileRef = FB94B68F2AC25D3D00C1ABAF /* UserView.swift */; };
		FB9799E12AD61956004F3943 /* User.swift in Sources */ = {isa = PBXBuildFile; fileRef = FB9799E02AD61956004F3943 /* User.swift */; };
		FB9799E32AD61A84004F3943 /* Association.swift in Sources */ = {isa = PBXBuildFile; fileRef = FB9799E22AD61A84004F3943 /* Association.swift */; };
		FB9799E52AD8AB26004F3943 /* Search.swift in Sources */ = {isa = PBXBuildFile; fileRef = FB9799E42AD8AB26004F3943 /* Search.swift */; };
		FBB1F9702ABA474900CD0858 /* LoginResponse.swift in Sources */ = {isa = PBXBuildFile; fileRef = FBB1F96F2ABA474900CD0858 /* LoginResponse.swift */; };
		FBB1F9722ABA47B900CD0858 /* ApiResponse.swift in Sources */ = {isa = PBXBuildFile; fileRef = FBB1F9712ABA47B900CD0858 /* ApiResponse.swift */; };
		FBB310A82AB9040F00980ACE /* FirebaseAuth in Frameworks */ = {isa = PBXBuildFile; productRef = FBB310A72AB9040F00980ACE /* FirebaseAuth */; };
		FBB310AA2AB9040F00980ACE /* FirebaseFirestore in Frameworks */ = {isa = PBXBuildFile; productRef = FBB310A92AB9040F00980ACE /* FirebaseFirestore */; };
		FBB310AC2AB9040F00980ACE /* FirebaseFirestoreSwift in Frameworks */ = {isa = PBXBuildFile; productRef = FBB310AB2AB9040F00980ACE /* FirebaseFirestoreSwift */; };
		FBB310AE2AB9040F00980ACE /* FirebaseStorage in Frameworks */ = {isa = PBXBuildFile; productRef = FBB310AD2AB9040F00980ACE /* FirebaseStorage */; };
		FBB310B12AB9053500980ACE /* GoogleSignIn in Frameworks */ = {isa = PBXBuildFile; productRef = FBB310B02AB9053500980ACE /* GoogleSignIn */; };
		FBB310B32AB9053500980ACE /* GoogleSignInSwift in Frameworks */ = {isa = PBXBuildFile; productRef = FBB310B22AB9053500980ACE /* GoogleSignInSwift */; };
		FBB565662AC636B6000A3C58 /* OrgRegister.swift in Sources */ = {isa = PBXBuildFile; fileRef = FBB565652AC636B6000A3C58 /* OrgRegister.swift */; };
		FBB565682AC6405F000A3C58 /* UserConfig.swift in Sources */ = {isa = PBXBuildFile; fileRef = FBB565672AC6405F000A3C58 /* UserConfig.swift */; };
		FBD1C3272AB9076A00383748 /* GoogleService-Info.plist in Resources */ = {isa = PBXBuildFile; fileRef = FBD1C3262AB9076A00383748 /* GoogleService-Info.plist */; };
		FBD1C32A2AB90C0F00383748 /* AppDelegate.swift in Sources */ = {isa = PBXBuildFile; fileRef = FBD1C3292AB90C0F00383748 /* AppDelegate.swift */; };
		FBD1C32E2AB914B900383748 /* RootView.swift in Sources */ = {isa = PBXBuildFile; fileRef = FBD1C32D2AB914B900383748 /* RootView.swift */; };
		FBD1C3302AB91BD500383748 /* config.swift in Sources */ = {isa = PBXBuildFile; fileRef = FBD1C32F2AB91BD500383748 /* config.swift */; };
		FBFB14CF2AC2414B0048FAA4 /* newTag.swift in Sources */ = {isa = PBXBuildFile; fileRef = FBFB14CE2AC2414B0048FAA4 /* newTag.swift */; };
		FBFB14D12AC2511C0048FAA4 /* Tag.swift in Sources */ = {isa = PBXBuildFile; fileRef = FBFB14D02AC2511C0048FAA4 /* Tag.swift */; };
/* End PBXBuildFile section */

/* Begin PBXContainerItemProxy section */
		7FA9D1E62AB7CE5A007EA960 /* PBXContainerItemProxy */ = {
			isa = PBXContainerItemProxy;
			containerPortal = 7FA9D1CA2AB7CE57007EA960 /* Project object */;
			proxyType = 1;
			remoteGlobalIDString = 7FA9D1D12AB7CE57007EA960;
			remoteInfo = Frisa;
		};
		7FA9D1F02AB7CE5A007EA960 /* PBXContainerItemProxy */ = {
			isa = PBXContainerItemProxy;
			containerPortal = 7FA9D1CA2AB7CE57007EA960 /* Project object */;
			proxyType = 1;
			remoteGlobalIDString = 7FA9D1D12AB7CE57007EA960;
			remoteInfo = Frisa;
		};
/* End PBXContainerItemProxy section */

/* Begin PBXFileReference section */
		7F6FAE502ABBBB9B009E2F79 /* orgView2.swift */ = {isa = PBXFileReference; lastKnownFileType = sourcecode.swift; path = orgView2.swift; sourceTree = "<group>"; };
		7F8600182AD63C2100447462 /* PDF.swift */ = {isa = PBXFileReference; lastKnownFileType = sourcecode.swift; path = PDF.swift; sourceTree = "<group>"; };
		7F86001E2AD63F9200447462 /* sample1.pdf */ = {isa = PBXFileReference; lastKnownFileType = image.pdf; path = sample1.pdf; sourceTree = "<group>"; };
		7F8600202AD63F9700447462 /* sample2 (1).pdf */ = {isa = PBXFileReference; lastKnownFileType = image.pdf; path = "sample2 (1).pdf"; sourceTree = "<group>"; };
		7F8600222AD63F9A00447462 /* sample3 (1).pdf */ = {isa = PBXFileReference; lastKnownFileType = image.pdf; path = "sample3 (1).pdf"; sourceTree = "<group>"; };
		7F91B02C2AC23A4B002713A3 /* PreguntasView.swift */ = {isa = PBXFileReference; lastKnownFileType = sourcecode.swift; path = PreguntasView.swift; sourceTree = "<group>"; };
		7FA9D1D22AB7CE57007EA960 /* Frisa.app */ = {isa = PBXFileReference; explicitFileType = wrapper.application; includeInIndex = 0; path = Frisa.app; sourceTree = BUILT_PRODUCTS_DIR; };
		7FA9D1D52AB7CE57007EA960 /* FrisaApp.swift */ = {isa = PBXFileReference; lastKnownFileType = sourcecode.swift; path = FrisaApp.swift; sourceTree = "<group>"; };
		7FA9D1D72AB7CE57007EA960 /* ContentView.swift */ = {isa = PBXFileReference; lastKnownFileType = sourcecode.swift; path = ContentView.swift; sourceTree = "<group>"; };
		7FA9D1D92AB7CE57007EA960 /* Item.swift */ = {isa = PBXFileReference; lastKnownFileType = sourcecode.swift; path = Item.swift; sourceTree = "<group>"; };
		7FA9D1DB2AB7CE5A007EA960 /* Assets.xcassets */ = {isa = PBXFileReference; lastKnownFileType = folder.assetcatalog; path = Assets.xcassets; sourceTree = "<group>"; };
		7FA9D1DD2AB7CE5A007EA960 /* Frisa.entitlements */ = {isa = PBXFileReference; lastKnownFileType = text.plist.entitlements; path = Frisa.entitlements; sourceTree = "<group>"; };
		7FA9D1DF2AB7CE5A007EA960 /* Preview Assets.xcassets */ = {isa = PBXFileReference; lastKnownFileType = folder.assetcatalog; path = "Preview Assets.xcassets"; sourceTree = "<group>"; };
		7FA9D1E52AB7CE5A007EA960 /* FrisaTests.xctest */ = {isa = PBXFileReference; explicitFileType = wrapper.cfbundle; includeInIndex = 0; path = FrisaTests.xctest; sourceTree = BUILT_PRODUCTS_DIR; };
		7FA9D1E92AB7CE5A007EA960 /* FrisaTests.swift */ = {isa = PBXFileReference; lastKnownFileType = sourcecode.swift; path = FrisaTests.swift; sourceTree = "<group>"; };
		7FA9D1EF2AB7CE5A007EA960 /* FrisaUITests.xctest */ = {isa = PBXFileReference; explicitFileType = wrapper.cfbundle; includeInIndex = 0; path = FrisaUITests.xctest; sourceTree = BUILT_PRODUCTS_DIR; };
		7FA9D1F32AB7CE5A007EA960 /* FrisaUITests.swift */ = {isa = PBXFileReference; lastKnownFileType = sourcecode.swift; path = FrisaUITests.swift; sourceTree = "<group>"; };
		7FA9D1F52AB7CE5A007EA960 /* FrisaUITestsLaunchTests.swift */ = {isa = PBXFileReference; lastKnownFileType = sourcecode.swift; path = FrisaUITestsLaunchTests.swift; sourceTree = "<group>"; };
		7FA9D2022AB7CEBE007EA960 /* LoginView.swift */ = {isa = PBXFileReference; lastKnownFileType = sourcecode.swift; path = LoginView.swift; sourceTree = "<group>"; };
		7FA9D2042AB80304007EA960 /* RegisterView.swift */ = {isa = PBXFileReference; lastKnownFileType = sourcecode.swift; path = RegisterView.swift; sourceTree = "<group>"; };
		7FA9D2082AB82D8D007EA960 /* MainAppView.swift */ = {isa = PBXFileReference; lastKnownFileType = sourcecode.swift; path = MainAppView.swift; sourceTree = "<group>"; };
		FB0ADEBA2ABB8DDA005587F3 /* ManageTokens.swift */ = {isa = PBXFileReference; lastKnownFileType = sourcecode.swift; path = ManageTokens.swift; sourceTree = "<group>"; };
		FB0ADEBC2ABB91F5005587F3 /* AuthenticationManager.swift */ = {isa = PBXFileReference; lastKnownFileType = sourcecode.swift; path = AuthenticationManager.swift; sourceTree = "<group>"; };
		FB1721042ADF24E9006EF237 /* extraInfoView.swift */ = {isa = PBXFileReference; lastKnownFileType = sourcecode.swift; path = extraInfoView.swift; sourceTree = "<group>"; };
		FB2CB6652ABCF9080045B3C0 /* TokenResponse.swift */ = {isa = PBXFileReference; lastKnownFileType = sourcecode.swift; path = TokenResponse.swift; sourceTree = "<group>"; };
		FB2CB6672ABCFD150045B3C0 /* AccessTokenAdapter.swift */ = {isa = PBXFileReference; lastKnownFileType = sourcecode.swift; path = AccessTokenAdapter.swift; sourceTree = "<group>"; };
		FB4CC87A2ABA6C300044878B /* SearchView.swift */ = {isa = PBXFileReference; lastKnownFileType = sourcecode.swift; path = SearchView.swift; sourceTree = "<group>"; };
		FB53A43F2AD62C5000A5D6E5 /* menuBarView.swift */ = {isa = PBXFileReference; lastKnownFileType = sourcecode.swift; path = menuBarView.swift; sourceTree = "<group>"; };
		FB53A4412AD62C8B00A5D6E5 /* resultsView.swift */ = {isa = PBXFileReference; lastKnownFileType = sourcecode.swift; name = resultsView.swift; path = ../resultsView.swift; sourceTree = "<group>"; };
		FB53A4432AD62CAA00A5D6E5 /* favoriteView.swift */ = {isa = PBXFileReference; lastKnownFileType = sourcecode.swift; name = favoriteView.swift; path = ../favoriteView.swift; sourceTree = "<group>"; };
		FB5CE38E2AD89EE400F0FC0C /* review.swift */ = {isa = PBXFileReference; lastKnownFileType = sourcecode.swift; path = review.swift; sourceTree = "<group>"; };
		FB5CE3902AD8A50500F0FC0C /* reviewModel.swift */ = {isa = PBXFileReference; lastKnownFileType = sourcecode.swift; path = reviewModel.swift; sourceTree = "<group>"; };
		FB73F47A2ACF72BB00D9D983 /* ratingView.swift */ = {isa = PBXFileReference; lastKnownFileType = sourcecode.swift; path = ratingView.swift; sourceTree = "<group>"; };
		FB73F47C2ACF730F00D9D983 /* CommentView.swift */ = {isa = PBXFileReference; lastKnownFileType = sourcecode.swift; path = CommentView.swift; sourceTree = "<group>"; };
		FB94B68F2AC25D3D00C1ABAF /* UserView.swift */ = {isa = PBXFileReference; lastKnownFileType = sourcecode.swift; path = UserView.swift; sourceTree = "<group>"; };
		FB9799E02AD61956004F3943 /* User.swift */ = {isa = PBXFileReference; lastKnownFileType = sourcecode.swift; path = User.swift; sourceTree = "<group>"; };
		FB9799E22AD61A84004F3943 /* Association.swift */ = {isa = PBXFileReference; lastKnownFileType = sourcecode.swift; path = Association.swift; sourceTree = "<group>"; };
		FB9799E42AD8AB26004F3943 /* Search.swift */ = {isa = PBXFileReference; lastKnownFileType = sourcecode.swift; path = Search.swift; sourceTree = "<group>"; };
		FBB1F96F2ABA474900CD0858 /* LoginResponse.swift */ = {isa = PBXFileReference; lastKnownFileType = sourcecode.swift; path = LoginResponse.swift; sourceTree = "<group>"; };
		FBB1F9712ABA47B900CD0858 /* ApiResponse.swift */ = {isa = PBXFileReference; lastKnownFileType = sourcecode.swift; path = ApiResponse.swift; sourceTree = "<group>"; };
		FBB565652AC636B6000A3C58 /* OrgRegister.swift */ = {isa = PBXFileReference; lastKnownFileType = sourcecode.swift; path = OrgRegister.swift; sourceTree = "<group>"; };
		FBB565672AC6405F000A3C58 /* UserConfig.swift */ = {isa = PBXFileReference; lastKnownFileType = sourcecode.swift; path = UserConfig.swift; sourceTree = "<group>"; };
		FBD1C3262AB9076A00383748 /* GoogleService-Info.plist */ = {isa = PBXFileReference; fileEncoding = 4; lastKnownFileType = text.plist.xml; path = "GoogleService-Info.plist"; sourceTree = "<group>"; };
		FBD1C3282AB90BB500383748 /* Info.plist */ = {isa = PBXFileReference; lastKnownFileType = text.plist; path = Info.plist; sourceTree = "<group>"; };
		FBD1C3292AB90C0F00383748 /* AppDelegate.swift */ = {isa = PBXFileReference; lastKnownFileType = sourcecode.swift; path = AppDelegate.swift; sourceTree = "<group>"; };
		FBD1C32D2AB914B900383748 /* RootView.swift */ = {isa = PBXFileReference; lastKnownFileType = sourcecode.swift; path = RootView.swift; sourceTree = "<group>"; };
		FBD1C32F2AB91BD500383748 /* config.swift */ = {isa = PBXFileReference; lastKnownFileType = sourcecode.swift; path = config.swift; sourceTree = "<group>"; };
		FBFB14CE2AC2414B0048FAA4 /* newTag.swift */ = {isa = PBXFileReference; lastKnownFileType = sourcecode.swift; path = newTag.swift; sourceTree = "<group>"; };
		FBFB14D02AC2511C0048FAA4 /* Tag.swift */ = {isa = PBXFileReference; lastKnownFileType = sourcecode.swift; path = Tag.swift; sourceTree = "<group>"; };
/* End PBXFileReference section */

/* Begin PBXFrameworksBuildPhase section */
		7FA9D1CF2AB7CE57007EA960 /* Frameworks */ = {
			isa = PBXFrameworksBuildPhase;
			buildActionMask = 2147483647;
			files = (
				FBB310B12AB9053500980ACE /* GoogleSignIn in Frameworks */,
				FB2CB6642ABCF6F30045B3C0 /* Alamofire in Frameworks */,
				FB1721082ADF293F006EF237 /* iPhoneNumberField in Frameworks */,
				FB5CE3942AD8A58E00F0FC0C /* SwiftyJSON in Frameworks */,
				FB17210B2ADF30F4006EF237 /* Kingfisher in Frameworks */,
				FBB310A82AB9040F00980ACE /* FirebaseAuth in Frameworks */,
				FBB310AE2AB9040F00980ACE /* FirebaseStorage in Frameworks */,
				FBB310B32AB9053500980ACE /* GoogleSignInSwift in Frameworks */,
				FBB310AA2AB9040F00980ACE /* FirebaseFirestore in Frameworks */,
				FBB310AC2AB9040F00980ACE /* FirebaseFirestoreSwift in Frameworks */,
			);
			runOnlyForDeploymentPostprocessing = 0;
		};
		7FA9D1E22AB7CE5A007EA960 /* Frameworks */ = {
			isa = PBXFrameworksBuildPhase;
			buildActionMask = 2147483647;
			files = (
			);
			runOnlyForDeploymentPostprocessing = 0;
		};
		7FA9D1EC2AB7CE5A007EA960 /* Frameworks */ = {
			isa = PBXFrameworksBuildPhase;
			buildActionMask = 2147483647;
			files = (
			);
			runOnlyForDeploymentPostprocessing = 0;
		};
/* End PBXFrameworksBuildPhase section */

/* Begin PBXGroup section */
		7FA9D1C92AB7CE57007EA960 = {
			isa = PBXGroup;
			children = (
				7FA9D1D42AB7CE57007EA960 /* Frisa */,
				7FA9D1E82AB7CE5A007EA960 /* FrisaTests */,
				7FA9D1F22AB7CE5A007EA960 /* FrisaUITests */,
				7FA9D1D32AB7CE57007EA960 /* Products */,
			);
			sourceTree = "<group>";
		};
		7FA9D1D32AB7CE57007EA960 /* Products */ = {
			isa = PBXGroup;
			children = (
				7FA9D1D22AB7CE57007EA960 /* Frisa.app */,
				7FA9D1E52AB7CE5A007EA960 /* FrisaTests.xctest */,
				7FA9D1EF2AB7CE5A007EA960 /* FrisaUITests.xctest */,
			);
			name = Products;
			sourceTree = "<group>";
		};
		7FA9D1D42AB7CE57007EA960 /* Frisa */ = {
			isa = PBXGroup;
			children = (
				FB0ADEB92ABB8DC7005587F3 /* Util */,
				FBB1F96E2ABA473700CD0858 /* Models */,
				FBD1C3282AB90BB500383748 /* Info.plist */,
				FBB310A32AB902D200980ACE /* Config */,
				7FA9D1D52AB7CE57007EA960 /* FrisaApp.swift */,
				7FA9D2082AB82D8D007EA960 /* MainAppView.swift */,
				FB4CC87A2ABA6C300044878B /* SearchView.swift */,
				7F8600202AD63F9700447462 /* sample2 (1).pdf */,
				7FA9D1D72AB7CE57007EA960 /* ContentView.swift */,
				7F8600222AD63F9A00447462 /* sample3 (1).pdf */,
				7FA9D2022AB7CEBE007EA960 /* LoginView.swift */,
				FB53A4432AD62CAA00A5D6E5 /* favoriteView.swift */,
				7F86001E2AD63F9200447462 /* sample1.pdf */,
				FB53A4412AD62C8B00A5D6E5 /* resultsView.swift */,
				7FA9D2042AB80304007EA960 /* RegisterView.swift */,
				FBB565652AC636B6000A3C58 /* OrgRegister.swift */,
				FB94B68F2AC25D3D00C1ABAF /* UserView.swift */,
				FB1721042ADF24E9006EF237 /* extraInfoView.swift */,
				FB53A43F2AD62C5000A5D6E5 /* menuBarView.swift */,
				FBB565672AC6405F000A3C58 /* UserConfig.swift */,
				FBFB14CE2AC2414B0048FAA4 /* newTag.swift */,
				7F6FAE502ABBBB9B009E2F79 /* orgView2.swift */,
				FB73F47C2ACF730F00D9D983 /* CommentView.swift */,
				FB73F47A2ACF72BB00D9D983 /* ratingView.swift */,
				7F91B02C2AC23A4B002713A3 /* PreguntasView.swift */,
				7F8600182AD63C2100447462 /* PDF.swift */,
				7FA9D1DB2AB7CE5A007EA960 /* Assets.xcassets */,
				7FA9D1DD2AB7CE5A007EA960 /* Frisa.entitlements */,
				FBD1C3262AB9076A00383748 /* GoogleService-Info.plist */,
				7FA9D1DE2AB7CE5A007EA960 /* Preview Content */,
				FBD1C3292AB90C0F00383748 /* AppDelegate.swift */,
			);
			path = Frisa;
			sourceTree = "<group>";
		};
		7FA9D1DE2AB7CE5A007EA960 /* Preview Content */ = {
			isa = PBXGroup;
			children = (
				7FA9D1DF2AB7CE5A007EA960 /* Preview Assets.xcassets */,
			);
			path = "Preview Content";
			sourceTree = "<group>";
		};
		7FA9D1E82AB7CE5A007EA960 /* FrisaTests */ = {
			isa = PBXGroup;
			children = (
				7FA9D1E92AB7CE5A007EA960 /* FrisaTests.swift */,
			);
			path = FrisaTests;
			sourceTree = "<group>";
		};
		7FA9D1F22AB7CE5A007EA960 /* FrisaUITests */ = {
			isa = PBXGroup;
			children = (
				7FA9D1F32AB7CE5A007EA960 /* FrisaUITests.swift */,
				7FA9D1F52AB7CE5A007EA960 /* FrisaUITestsLaunchTests.swift */,
			);
			path = FrisaUITests;
			sourceTree = "<group>";
		};
		FB0ADEB92ABB8DC7005587F3 /* Util */ = {
			isa = PBXGroup;
			children = (
				FBD1C32D2AB914B900383748 /* RootView.swift */,
				FB0ADEBA2ABB8DDA005587F3 /* ManageTokens.swift */,
			);
			path = Util;
			sourceTree = "<group>";
		};
		FBB1F96E2ABA473700CD0858 /* Models */ = {
			isa = PBXGroup;
			children = (
				7FA9D1D92AB7CE57007EA960 /* Item.swift */,
				FBB1F96F2ABA474900CD0858 /* LoginResponse.swift */,
				FBB1F9712ABA47B900CD0858 /* ApiResponse.swift */,
				FB0ADEBC2ABB91F5005587F3 /* AuthenticationManager.swift */,
				FB2CB6672ABCFD150045B3C0 /* AccessTokenAdapter.swift */,
				FB2CB6652ABCF9080045B3C0 /* TokenResponse.swift */,
				FBFB14D02AC2511C0048FAA4 /* Tag.swift */,
				FB5CE38E2AD89EE400F0FC0C /* review.swift */,
				FB5CE3902AD8A50500F0FC0C /* reviewModel.swift */,
				FB9799E02AD61956004F3943 /* User.swift */,
				FB9799E22AD61A84004F3943 /* Association.swift */,
				FB9799E42AD8AB26004F3943 /* Search.swift */,
			);
			path = Models;
			sourceTree = "<group>";
		};
		FBB310A32AB902D200980ACE /* Config */ = {
			isa = PBXGroup;
			children = (
				FBD1C32F2AB91BD500383748 /* config.swift */,
			);
			path = Config;
			sourceTree = "<group>";
		};
/* End PBXGroup section */

/* Begin PBXNativeTarget section */
		7FA9D1D12AB7CE57007EA960 /* Frisa */ = {
			isa = PBXNativeTarget;
			buildConfigurationList = 7FA9D1F92AB7CE5A007EA960 /* Build configuration list for PBXNativeTarget "Frisa" */;
			buildPhases = (
				7FA9D1CE2AB7CE57007EA960 /* Sources */,
				7FA9D1CF2AB7CE57007EA960 /* Frameworks */,
				7FA9D1D02AB7CE57007EA960 /* Resources */,
			);
			buildRules = (
			);
			dependencies = (
			);
			name = Frisa;
			packageProductDependencies = (
				FBB310A72AB9040F00980ACE /* FirebaseAuth */,
				FBB310A92AB9040F00980ACE /* FirebaseFirestore */,
				FBB310AB2AB9040F00980ACE /* FirebaseFirestoreSwift */,
				FBB310AD2AB9040F00980ACE /* FirebaseStorage */,
				FBB310B02AB9053500980ACE /* GoogleSignIn */,
				FBB310B22AB9053500980ACE /* GoogleSignInSwift */,
				FB2CB6632ABCF6F30045B3C0 /* Alamofire */,
				FB5CE3932AD8A58E00F0FC0C /* SwiftyJSON */,
				FB1721072ADF293F006EF237 /* iPhoneNumberField */,
				FB17210A2ADF30F4006EF237 /* Kingfisher */,
			);
			productName = Frisa;
			productReference = 7FA9D1D22AB7CE57007EA960 /* Frisa.app */;
			productType = "com.apple.product-type.application";
		};
		7FA9D1E42AB7CE5A007EA960 /* FrisaTests */ = {
			isa = PBXNativeTarget;
			buildConfigurationList = 7FA9D1FC2AB7CE5A007EA960 /* Build configuration list for PBXNativeTarget "FrisaTests" */;
			buildPhases = (
				7FA9D1E12AB7CE5A007EA960 /* Sources */,
				7FA9D1E22AB7CE5A007EA960 /* Frameworks */,
				7FA9D1E32AB7CE5A007EA960 /* Resources */,
			);
			buildRules = (
			);
			dependencies = (
				7FA9D1E72AB7CE5A007EA960 /* PBXTargetDependency */,
			);
			name = FrisaTests;
			productName = FrisaTests;
			productReference = 7FA9D1E52AB7CE5A007EA960 /* FrisaTests.xctest */;
			productType = "com.apple.product-type.bundle.unit-test";
		};
		7FA9D1EE2AB7CE5A007EA960 /* FrisaUITests */ = {
			isa = PBXNativeTarget;
			buildConfigurationList = 7FA9D1FF2AB7CE5A007EA960 /* Build configuration list for PBXNativeTarget "FrisaUITests" */;
			buildPhases = (
				7FA9D1EB2AB7CE5A007EA960 /* Sources */,
				7FA9D1EC2AB7CE5A007EA960 /* Frameworks */,
				7FA9D1ED2AB7CE5A007EA960 /* Resources */,
			);
			buildRules = (
			);
			dependencies = (
				7FA9D1F12AB7CE5A007EA960 /* PBXTargetDependency */,
			);
			name = FrisaUITests;
			productName = FrisaUITests;
			productReference = 7FA9D1EF2AB7CE5A007EA960 /* FrisaUITests.xctest */;
			productType = "com.apple.product-type.bundle.ui-testing";
		};
/* End PBXNativeTarget section */

/* Begin PBXProject section */
		7FA9D1CA2AB7CE57007EA960 /* Project object */ = {
			isa = PBXProject;
			attributes = {
				BuildIndependentTargetsInParallel = 1;
				LastSwiftUpdateCheck = 1500;
				LastUpgradeCheck = 1500;
				TargetAttributes = {
					7FA9D1D12AB7CE57007EA960 = {
						CreatedOnToolsVersion = 15.0;
					};
					7FA9D1E42AB7CE5A007EA960 = {
						CreatedOnToolsVersion = 15.0;
						TestTargetID = 7FA9D1D12AB7CE57007EA960;
					};
					7FA9D1EE2AB7CE5A007EA960 = {
						CreatedOnToolsVersion = 15.0;
						TestTargetID = 7FA9D1D12AB7CE57007EA960;
					};
				};
			};
			buildConfigurationList = 7FA9D1CD2AB7CE57007EA960 /* Build configuration list for PBXProject "Frisa" */;
			compatibilityVersion = "Xcode 14.0";
			developmentRegion = en;
			hasScannedForEncodings = 0;
			knownRegions = (
				en,
				Base,
			);
			mainGroup = 7FA9D1C92AB7CE57007EA960;
			packageReferences = (
				FBB310A22AB9018600980ACE /* XCRemoteSwiftPackageReference "firebase-ios-sdk" */,
				FBB310A62AB9040F00980ACE /* XCRemoteSwiftPackageReference "firebase-ios-sdk" */,
				FBB310AF2AB9053500980ACE /* XCRemoteSwiftPackageReference "GoogleSignIn-iOS" */,
				FB2CB6622ABCF6F30045B3C0 /* XCRemoteSwiftPackageReference "Alamofire" */,
				FB5CE3922AD8A58E00F0FC0C /* XCRemoteSwiftPackageReference "SwiftyJSON" */,
				FB1721062ADF293F006EF237 /* XCRemoteSwiftPackageReference "iPhoneNumberField" */,
				FB1721092ADF30F4006EF237 /* XCRemoteSwiftPackageReference "Kingfisher" */,
			);
			productRefGroup = 7FA9D1D32AB7CE57007EA960 /* Products */;
			projectDirPath = "";
			projectRoot = "";
			targets = (
				7FA9D1D12AB7CE57007EA960 /* Frisa */,
				7FA9D1E42AB7CE5A007EA960 /* FrisaTests */,
				7FA9D1EE2AB7CE5A007EA960 /* FrisaUITests */,
			);
		};
/* End PBXProject section */

/* Begin PBXResourcesBuildPhase section */
		7FA9D1D02AB7CE57007EA960 /* Resources */ = {
			isa = PBXResourcesBuildPhase;
			buildActionMask = 2147483647;
			files = (
				7F8600232AD63F9A00447462 /* sample3 (1).pdf in Resources */,
				7FA9D1E02AB7CE5A007EA960 /* Preview Assets.xcassets in Resources */,
				7FA9D1DC2AB7CE5A007EA960 /* Assets.xcassets in Resources */,
				7F86001F2AD63F9200447462 /* sample1.pdf in Resources */,
				FBD1C3272AB9076A00383748 /* GoogleService-Info.plist in Resources */,
				7F8600212AD63F9700447462 /* sample2 (1).pdf in Resources */,
			);
			runOnlyForDeploymentPostprocessing = 0;
		};
		7FA9D1E32AB7CE5A007EA960 /* Resources */ = {
			isa = PBXResourcesBuildPhase;
			buildActionMask = 2147483647;
			files = (
			);
			runOnlyForDeploymentPostprocessing = 0;
		};
		7FA9D1ED2AB7CE5A007EA960 /* Resources */ = {
			isa = PBXResourcesBuildPhase;
			buildActionMask = 2147483647;
			files = (
			);
			runOnlyForDeploymentPostprocessing = 0;
		};
/* End PBXResourcesBuildPhase section */

/* Begin PBXSourcesBuildPhase section */
		7FA9D1CE2AB7CE57007EA960 /* Sources */ = {
			isa = PBXSourcesBuildPhase;
			buildActionMask = 2147483647;
			files = (
				FBB1F9722ABA47B900CD0858 /* ApiResponse.swift in Sources */,
				FBFB14CF2AC2414B0048FAA4 /* newTag.swift in Sources */,
				7FA9D1D82AB7CE57007EA960 /* ContentView.swift in Sources */,
				7FA9D2092AB82D8D007EA960 /* MainAppView.swift in Sources */,
				7FA9D1DA2AB7CE57007EA960 /* Item.swift in Sources */,
				FBB565662AC636B6000A3C58 /* OrgRegister.swift in Sources */,
				7F91B02D2AC23A4B002713A3 /* PreguntasView.swift in Sources */,
				FB53A4422AD62C8B00A5D6E5 /* resultsView.swift in Sources */,
				FB4CC87B2ABA6C300044878B /* SearchView.swift in Sources */,
				7FA9D1D62AB7CE57007EA960 /* FrisaApp.swift in Sources */,
				FBB565682AC6405F000A3C58 /* UserConfig.swift in Sources */,
				FBB1F9702ABA474900CD0858 /* LoginResponse.swift in Sources */,
				FBD1C32E2AB914B900383748 /* RootView.swift in Sources */,
				FBD1C32A2AB90C0F00383748 /* AppDelegate.swift in Sources */,
				FB0ADEBD2ABB91F5005587F3 /* AuthenticationManager.swift in Sources */,
				FBFB14D12AC2511C0048FAA4 /* Tag.swift in Sources */,
				FB94B6902AC25D3D00C1ABAF /* UserView.swift in Sources */,
				FB2CB6682ABCFD150045B3C0 /* AccessTokenAdapter.swift in Sources */,
				FB5CE3912AD8A50500F0FC0C /* reviewModel.swift in Sources */,
				FBD1C3302AB91BD500383748 /* config.swift in Sources */,
				FB53A4402AD62C5000A5D6E5 /* menuBarView.swift in Sources */,
				FB9799E12AD61956004F3943 /* User.swift in Sources */,
				FB73F47D2ACF730F00D9D983 /* CommentView.swift in Sources */,
				FB1721052ADF24E9006EF237 /* extraInfoView.swift in Sources */,
				FB0ADEBB2ABB8DDA005587F3 /* ManageTokens.swift in Sources */,
				7F8600192AD63C2100447462 /* PDF.swift in Sources */,
				FB73F47B2ACF72BB00D9D983 /* ratingView.swift in Sources */,
				7FA9D2032AB7CEBE007EA960 /* LoginView.swift in Sources */,
				7F6FAE512ABBBB9B009E2F79 /* orgView2.swift in Sources */,
				FB9799E32AD61A84004F3943 /* Association.swift in Sources */,
				FB2CB6662ABCF9080045B3C0 /* TokenResponse.swift in Sources */,
				FB9799E52AD8AB26004F3943 /* Search.swift in Sources */,
				FB53A4442AD62CAA00A5D6E5 /* favoriteView.swift in Sources */,
				7FA9D2052AB80304007EA960 /* RegisterView.swift in Sources */,
				FB5CE38F2AD89EE400F0FC0C /* review.swift in Sources */,
			);
			runOnlyForDeploymentPostprocessing = 0;
		};
		7FA9D1E12AB7CE5A007EA960 /* Sources */ = {
			isa = PBXSourcesBuildPhase;
			buildActionMask = 2147483647;
			files = (
				7FA9D1EA2AB7CE5A007EA960 /* FrisaTests.swift in Sources */,
			);
			runOnlyForDeploymentPostprocessing = 0;
		};
		7FA9D1EB2AB7CE5A007EA960 /* Sources */ = {
			isa = PBXSourcesBuildPhase;
			buildActionMask = 2147483647;
			files = (
				7FA9D1F62AB7CE5A007EA960 /* FrisaUITestsLaunchTests.swift in Sources */,
				7FA9D1F42AB7CE5A007EA960 /* FrisaUITests.swift in Sources */,
			);
			runOnlyForDeploymentPostprocessing = 0;
		};
/* End PBXSourcesBuildPhase section */

/* Begin PBXTargetDependency section */
		7FA9D1E72AB7CE5A007EA960 /* PBXTargetDependency */ = {
			isa = PBXTargetDependency;
			target = 7FA9D1D12AB7CE57007EA960 /* Frisa */;
			targetProxy = 7FA9D1E62AB7CE5A007EA960 /* PBXContainerItemProxy */;
		};
		7FA9D1F12AB7CE5A007EA960 /* PBXTargetDependency */ = {
			isa = PBXTargetDependency;
			target = 7FA9D1D12AB7CE57007EA960 /* Frisa */;
			targetProxy = 7FA9D1F02AB7CE5A007EA960 /* PBXContainerItemProxy */;
		};
/* End PBXTargetDependency section */

/* Begin XCBuildConfiguration section */
		7FA9D1F72AB7CE5A007EA960 /* Debug */ = {
			isa = XCBuildConfiguration;
			buildSettings = {
				ALWAYS_SEARCH_USER_PATHS = NO;
				ASSETCATALOG_COMPILER_GENERATE_SWIFT_ASSET_SYMBOL_EXTENSIONS = YES;
				CLANG_ANALYZER_NONNULL = YES;
				CLANG_ANALYZER_NUMBER_OBJECT_CONVERSION = YES_AGGRESSIVE;
				CLANG_CXX_LANGUAGE_STANDARD = "gnu++20";
				CLANG_ENABLE_MODULES = YES;
				CLANG_ENABLE_OBJC_ARC = YES;
				CLANG_ENABLE_OBJC_WEAK = YES;
				CLANG_WARN_BLOCK_CAPTURE_AUTORELEASING = YES;
				CLANG_WARN_BOOL_CONVERSION = YES;
				CLANG_WARN_COMMA = YES;
				CLANG_WARN_CONSTANT_CONVERSION = YES;
				CLANG_WARN_DEPRECATED_OBJC_IMPLEMENTATIONS = YES;
				CLANG_WARN_DIRECT_OBJC_ISA_USAGE = YES_ERROR;
				CLANG_WARN_DOCUMENTATION_COMMENTS = YES;
				CLANG_WARN_EMPTY_BODY = YES;
				CLANG_WARN_ENUM_CONVERSION = YES;
				CLANG_WARN_INFINITE_RECURSION = YES;
				CLANG_WARN_INT_CONVERSION = YES;
				CLANG_WARN_NON_LITERAL_NULL_CONVERSION = YES;
				CLANG_WARN_OBJC_IMPLICIT_RETAIN_SELF = YES;
				CLANG_WARN_OBJC_LITERAL_CONVERSION = YES;
				CLANG_WARN_OBJC_ROOT_CLASS = YES_ERROR;
				CLANG_WARN_QUOTED_INCLUDE_IN_FRAMEWORK_HEADER = YES;
				CLANG_WARN_RANGE_LOOP_ANALYSIS = YES;
				CLANG_WARN_STRICT_PROTOTYPES = YES;
				CLANG_WARN_SUSPICIOUS_MOVE = YES;
				CLANG_WARN_UNGUARDED_AVAILABILITY = YES_AGGRESSIVE;
				CLANG_WARN_UNREACHABLE_CODE = YES;
				CLANG_WARN__DUPLICATE_METHOD_MATCH = YES;
				COPY_PHASE_STRIP = NO;
				DEBUG_INFORMATION_FORMAT = dwarf;
				ENABLE_STRICT_OBJC_MSGSEND = YES;
				ENABLE_TESTABILITY = YES;
				ENABLE_USER_SCRIPT_SANDBOXING = YES;
				GCC_C_LANGUAGE_STANDARD = gnu17;
				GCC_DYNAMIC_NO_PIC = NO;
				GCC_NO_COMMON_BLOCKS = YES;
				GCC_OPTIMIZATION_LEVEL = 0;
				GCC_PREPROCESSOR_DEFINITIONS = (
					"DEBUG=1",
					"$(inherited)",
				);
				GCC_WARN_64_TO_32_BIT_CONVERSION = YES;
				GCC_WARN_ABOUT_RETURN_TYPE = YES_ERROR;
				GCC_WARN_UNDECLARED_SELECTOR = YES;
				GCC_WARN_UNINITIALIZED_AUTOS = YES_AGGRESSIVE;
				GCC_WARN_UNUSED_FUNCTION = YES;
				GCC_WARN_UNUSED_VARIABLE = YES;
				LOCALIZATION_PREFERS_STRING_CATALOGS = YES;
				MTL_ENABLE_DEBUG_INFO = INCLUDE_SOURCE;
				MTL_FAST_MATH = YES;
				ONLY_ACTIVE_ARCH = YES;
				SWIFT_ACTIVE_COMPILATION_CONDITIONS = "DEBUG $(inherited)";
				SWIFT_OPTIMIZATION_LEVEL = "-Onone";
			};
			name = Debug;
		};
		7FA9D1F82AB7CE5A007EA960 /* Release */ = {
			isa = XCBuildConfiguration;
			buildSettings = {
				ALWAYS_SEARCH_USER_PATHS = NO;
				ASSETCATALOG_COMPILER_GENERATE_SWIFT_ASSET_SYMBOL_EXTENSIONS = YES;
				CLANG_ANALYZER_NONNULL = YES;
				CLANG_ANALYZER_NUMBER_OBJECT_CONVERSION = YES_AGGRESSIVE;
				CLANG_CXX_LANGUAGE_STANDARD = "gnu++20";
				CLANG_ENABLE_MODULES = YES;
				CLANG_ENABLE_OBJC_ARC = YES;
				CLANG_ENABLE_OBJC_WEAK = YES;
				CLANG_WARN_BLOCK_CAPTURE_AUTORELEASING = YES;
				CLANG_WARN_BOOL_CONVERSION = YES;
				CLANG_WARN_COMMA = YES;
				CLANG_WARN_CONSTANT_CONVERSION = YES;
				CLANG_WARN_DEPRECATED_OBJC_IMPLEMENTATIONS = YES;
				CLANG_WARN_DIRECT_OBJC_ISA_USAGE = YES_ERROR;
				CLANG_WARN_DOCUMENTATION_COMMENTS = YES;
				CLANG_WARN_EMPTY_BODY = YES;
				CLANG_WARN_ENUM_CONVERSION = YES;
				CLANG_WARN_INFINITE_RECURSION = YES;
				CLANG_WARN_INT_CONVERSION = YES;
				CLANG_WARN_NON_LITERAL_NULL_CONVERSION = YES;
				CLANG_WARN_OBJC_IMPLICIT_RETAIN_SELF = YES;
				CLANG_WARN_OBJC_LITERAL_CONVERSION = YES;
				CLANG_WARN_OBJC_ROOT_CLASS = YES_ERROR;
				CLANG_WARN_QUOTED_INCLUDE_IN_FRAMEWORK_HEADER = YES;
				CLANG_WARN_RANGE_LOOP_ANALYSIS = YES;
				CLANG_WARN_STRICT_PROTOTYPES = YES;
				CLANG_WARN_SUSPICIOUS_MOVE = YES;
				CLANG_WARN_UNGUARDED_AVAILABILITY = YES_AGGRESSIVE;
				CLANG_WARN_UNREACHABLE_CODE = YES;
				CLANG_WARN__DUPLICATE_METHOD_MATCH = YES;
				COPY_PHASE_STRIP = NO;
				DEBUG_INFORMATION_FORMAT = "dwarf-with-dsym";
				ENABLE_NS_ASSERTIONS = NO;
				ENABLE_STRICT_OBJC_MSGSEND = YES;
				ENABLE_USER_SCRIPT_SANDBOXING = YES;
				GCC_C_LANGUAGE_STANDARD = gnu17;
				GCC_NO_COMMON_BLOCKS = YES;
				GCC_WARN_64_TO_32_BIT_CONVERSION = YES;
				GCC_WARN_ABOUT_RETURN_TYPE = YES_ERROR;
				GCC_WARN_UNDECLARED_SELECTOR = YES;
				GCC_WARN_UNINITIALIZED_AUTOS = YES_AGGRESSIVE;
				GCC_WARN_UNUSED_FUNCTION = YES;
				GCC_WARN_UNUSED_VARIABLE = YES;
				LOCALIZATION_PREFERS_STRING_CATALOGS = YES;
				MTL_ENABLE_DEBUG_INFO = NO;
				MTL_FAST_MATH = YES;
				SWIFT_COMPILATION_MODE = wholemodule;
			};
			name = Release;
		};
		7FA9D1FA2AB7CE5A007EA960 /* Debug */ = {
			isa = XCBuildConfiguration;
			buildSettings = {
				ASSETCATALOG_COMPILER_APPICON_NAME = AppIcon;
				ASSETCATALOG_COMPILER_GLOBAL_ACCENT_COLOR_NAME = AccentColor;
				CODE_SIGN_ENTITLEMENTS = Frisa/Frisa.entitlements;
				CODE_SIGN_STYLE = Automatic;
				CURRENT_PROJECT_VERSION = 1;
				DEVELOPMENT_ASSET_PATHS = "\"Frisa/Preview Content\"";
				DEVELOPMENT_TEAM = 952453PM2T;
				ENABLE_HARDENED_RUNTIME = YES;
				ENABLE_PREVIEWS = YES;
				GENERATE_INFOPLIST_FILE = YES;
				INFOPLIST_FILE = Frisa/Info.plist;
				"INFOPLIST_KEY_UIApplicationSceneManifest_Generation[sdk=iphoneos*]" = YES;
				"INFOPLIST_KEY_UIApplicationSceneManifest_Generation[sdk=iphonesimulator*]" = YES;
				"INFOPLIST_KEY_UIApplicationSupportsIndirectInputEvents[sdk=iphoneos*]" = YES;
				"INFOPLIST_KEY_UIApplicationSupportsIndirectInputEvents[sdk=iphonesimulator*]" = YES;
				"INFOPLIST_KEY_UILaunchScreen_Generation[sdk=iphoneos*]" = YES;
				"INFOPLIST_KEY_UILaunchScreen_Generation[sdk=iphonesimulator*]" = YES;
				"INFOPLIST_KEY_UIStatusBarStyle[sdk=iphoneos*]" = UIStatusBarStyleDefault;
				"INFOPLIST_KEY_UIStatusBarStyle[sdk=iphonesimulator*]" = UIStatusBarStyleDefault;
				INFOPLIST_KEY_UISupportedInterfaceOrientations_iPad = "UIInterfaceOrientationPortrait UIInterfaceOrientationPortraitUpsideDown UIInterfaceOrientationLandscapeLeft UIInterfaceOrientationLandscapeRight";
				INFOPLIST_KEY_UISupportedInterfaceOrientations_iPhone = "UIInterfaceOrientationPortrait UIInterfaceOrientationLandscapeLeft UIInterfaceOrientationLandscapeRight";
				IPHONEOS_DEPLOYMENT_TARGET = 17.0;
				LD_RUNPATH_SEARCH_PATHS = "@executable_path/Frameworks";
				"LD_RUNPATH_SEARCH_PATHS[sdk=macosx*]" = "@executable_path/../Frameworks";
				MACOSX_DEPLOYMENT_TARGET = 14.0;
				MARKETING_VERSION = 1.0;
				PRODUCT_BUNDLE_IDENTIFIER = Frisa;
				PRODUCT_NAME = "$(TARGET_NAME)";
				SDKROOT = auto;
				SUPPORTED_PLATFORMS = "iphoneos iphonesimulator macosx";
				SWIFT_EMIT_LOC_STRINGS = YES;
				SWIFT_VERSION = 5.0;
				TARGETED_DEVICE_FAMILY = "1,2";
			};
			name = Debug;
		};
		7FA9D1FB2AB7CE5A007EA960 /* Release */ = {
			isa = XCBuildConfiguration;
			buildSettings = {
				ASSETCATALOG_COMPILER_APPICON_NAME = AppIcon;
				ASSETCATALOG_COMPILER_GLOBAL_ACCENT_COLOR_NAME = AccentColor;
				CODE_SIGN_ENTITLEMENTS = Frisa/Frisa.entitlements;
				CODE_SIGN_STYLE = Automatic;
				CURRENT_PROJECT_VERSION = 1;
				DEVELOPMENT_ASSET_PATHS = "\"Frisa/Preview Content\"";
				DEVELOPMENT_TEAM = 952453PM2T;
				ENABLE_HARDENED_RUNTIME = YES;
				ENABLE_PREVIEWS = YES;
				GENERATE_INFOPLIST_FILE = YES;
				INFOPLIST_FILE = Frisa/Info.plist;
				"INFOPLIST_KEY_UIApplicationSceneManifest_Generation[sdk=iphoneos*]" = YES;
				"INFOPLIST_KEY_UIApplicationSceneManifest_Generation[sdk=iphonesimulator*]" = YES;
				"INFOPLIST_KEY_UIApplicationSupportsIndirectInputEvents[sdk=iphoneos*]" = YES;
				"INFOPLIST_KEY_UIApplicationSupportsIndirectInputEvents[sdk=iphonesimulator*]" = YES;
				"INFOPLIST_KEY_UILaunchScreen_Generation[sdk=iphoneos*]" = YES;
				"INFOPLIST_KEY_UILaunchScreen_Generation[sdk=iphonesimulator*]" = YES;
				"INFOPLIST_KEY_UIStatusBarStyle[sdk=iphoneos*]" = UIStatusBarStyleDefault;
				"INFOPLIST_KEY_UIStatusBarStyle[sdk=iphonesimulator*]" = UIStatusBarStyleDefault;
				INFOPLIST_KEY_UISupportedInterfaceOrientations_iPad = "UIInterfaceOrientationPortrait UIInterfaceOrientationPortraitUpsideDown UIInterfaceOrientationLandscapeLeft UIInterfaceOrientationLandscapeRight";
				INFOPLIST_KEY_UISupportedInterfaceOrientations_iPhone = "UIInterfaceOrientationPortrait UIInterfaceOrientationLandscapeLeft UIInterfaceOrientationLandscapeRight";
				IPHONEOS_DEPLOYMENT_TARGET = 17.0;
				LD_RUNPATH_SEARCH_PATHS = "@executable_path/Frameworks";
				"LD_RUNPATH_SEARCH_PATHS[sdk=macosx*]" = "@executable_path/../Frameworks";
				MACOSX_DEPLOYMENT_TARGET = 14.0;
				MARKETING_VERSION = 1.0;
				PRODUCT_BUNDLE_IDENTIFIER = Frisa;
				PRODUCT_NAME = "$(TARGET_NAME)";
				SDKROOT = auto;
				SUPPORTED_PLATFORMS = "iphoneos iphonesimulator macosx";
				SWIFT_EMIT_LOC_STRINGS = YES;
				SWIFT_VERSION = 5.0;
				TARGETED_DEVICE_FAMILY = "1,2";
			};
			name = Release;
		};
		7FA9D1FD2AB7CE5A007EA960 /* Debug */ = {
			isa = XCBuildConfiguration;
			buildSettings = {
				ALWAYS_EMBED_SWIFT_STANDARD_LIBRARIES = YES;
				BUNDLE_LOADER = "$(TEST_HOST)";
				CODE_SIGN_STYLE = Automatic;
				CURRENT_PROJECT_VERSION = 1;
				DEVELOPMENT_TEAM = 952453PM2T;
				GENERATE_INFOPLIST_FILE = YES;
				IPHONEOS_DEPLOYMENT_TARGET = 17.0;
				MACOSX_DEPLOYMENT_TARGET = 13.4;
				MARKETING_VERSION = 1.0;
				PRODUCT_BUNDLE_IDENTIFIER = Tec.FrisaTests;
				PRODUCT_NAME = "$(TARGET_NAME)";
				SDKROOT = auto;
				SUPPORTED_PLATFORMS = "iphoneos iphonesimulator macosx";
				SWIFT_EMIT_LOC_STRINGS = NO;
				SWIFT_VERSION = 5.0;
				TARGETED_DEVICE_FAMILY = "1,2";
				TEST_HOST = "$(BUILT_PRODUCTS_DIR)/Frisa.app/$(BUNDLE_EXECUTABLE_FOLDER_PATH)/Frisa";
			};
			name = Debug;
		};
		7FA9D1FE2AB7CE5A007EA960 /* Release */ = {
			isa = XCBuildConfiguration;
			buildSettings = {
				ALWAYS_EMBED_SWIFT_STANDARD_LIBRARIES = YES;
				BUNDLE_LOADER = "$(TEST_HOST)";
				CODE_SIGN_STYLE = Automatic;
				CURRENT_PROJECT_VERSION = 1;
				DEVELOPMENT_TEAM = 952453PM2T;
				GENERATE_INFOPLIST_FILE = YES;
				IPHONEOS_DEPLOYMENT_TARGET = 17.0;
				MACOSX_DEPLOYMENT_TARGET = 13.4;
				MARKETING_VERSION = 1.0;
				PRODUCT_BUNDLE_IDENTIFIER = Tec.FrisaTests;
				PRODUCT_NAME = "$(TARGET_NAME)";
				SDKROOT = auto;
				SUPPORTED_PLATFORMS = "iphoneos iphonesimulator macosx";
				SWIFT_EMIT_LOC_STRINGS = NO;
				SWIFT_VERSION = 5.0;
				TARGETED_DEVICE_FAMILY = "1,2";
				TEST_HOST = "$(BUILT_PRODUCTS_DIR)/Frisa.app/$(BUNDLE_EXECUTABLE_FOLDER_PATH)/Frisa";
			};
			name = Release;
		};
		7FA9D2002AB7CE5A007EA960 /* Debug */ = {
			isa = XCBuildConfiguration;
			buildSettings = {
				ALWAYS_EMBED_SWIFT_STANDARD_LIBRARIES = YES;
				CODE_SIGN_STYLE = Automatic;
				CURRENT_PROJECT_VERSION = 1;
				DEVELOPMENT_TEAM = 952453PM2T;
				GENERATE_INFOPLIST_FILE = YES;
				IPHONEOS_DEPLOYMENT_TARGET = 17.0;
				MACOSX_DEPLOYMENT_TARGET = 13.4;
				MARKETING_VERSION = 1.0;
				PRODUCT_BUNDLE_IDENTIFIER = Tec.FrisaUITests;
				PRODUCT_NAME = "$(TARGET_NAME)";
				SDKROOT = auto;
				SUPPORTED_PLATFORMS = "iphoneos iphonesimulator macosx";
				SWIFT_EMIT_LOC_STRINGS = NO;
				SWIFT_VERSION = 5.0;
				TARGETED_DEVICE_FAMILY = "1,2";
				TEST_TARGET_NAME = Frisa;
			};
			name = Debug;
		};
		7FA9D2012AB7CE5A007EA960 /* Release */ = {
			isa = XCBuildConfiguration;
			buildSettings = {
				ALWAYS_EMBED_SWIFT_STANDARD_LIBRARIES = YES;
				CODE_SIGN_STYLE = Automatic;
				CURRENT_PROJECT_VERSION = 1;
				DEVELOPMENT_TEAM = 952453PM2T;
				GENERATE_INFOPLIST_FILE = YES;
				IPHONEOS_DEPLOYMENT_TARGET = 17.0;
				MACOSX_DEPLOYMENT_TARGET = 13.4;
				MARKETING_VERSION = 1.0;
				PRODUCT_BUNDLE_IDENTIFIER = Tec.FrisaUITests;
				PRODUCT_NAME = "$(TARGET_NAME)";
				SDKROOT = auto;
				SUPPORTED_PLATFORMS = "iphoneos iphonesimulator macosx";
				SWIFT_EMIT_LOC_STRINGS = NO;
				SWIFT_VERSION = 5.0;
				TARGETED_DEVICE_FAMILY = "1,2";
				TEST_TARGET_NAME = Frisa;
			};
			name = Release;
		};
/* End XCBuildConfiguration section */

/* Begin XCConfigurationList section */
		7FA9D1CD2AB7CE57007EA960 /* Build configuration list for PBXProject "Frisa" */ = {
			isa = XCConfigurationList;
			buildConfigurations = (
				7FA9D1F72AB7CE5A007EA960 /* Debug */,
				7FA9D1F82AB7CE5A007EA960 /* Release */,
			);
			defaultConfigurationIsVisible = 0;
			defaultConfigurationName = Release;
		};
		7FA9D1F92AB7CE5A007EA960 /* Build configuration list for PBXNativeTarget "Frisa" */ = {
			isa = XCConfigurationList;
			buildConfigurations = (
				7FA9D1FA2AB7CE5A007EA960 /* Debug */,
				7FA9D1FB2AB7CE5A007EA960 /* Release */,
			);
			defaultConfigurationIsVisible = 0;
			defaultConfigurationName = Release;
		};
		7FA9D1FC2AB7CE5A007EA960 /* Build configuration list for PBXNativeTarget "FrisaTests" */ = {
			isa = XCConfigurationList;
			buildConfigurations = (
				7FA9D1FD2AB7CE5A007EA960 /* Debug */,
				7FA9D1FE2AB7CE5A007EA960 /* Release */,
			);
			defaultConfigurationIsVisible = 0;
			defaultConfigurationName = Release;
		};
		7FA9D1FF2AB7CE5A007EA960 /* Build configuration list for PBXNativeTarget "FrisaUITests" */ = {
			isa = XCConfigurationList;
			buildConfigurations = (
				7FA9D2002AB7CE5A007EA960 /* Debug */,
				7FA9D2012AB7CE5A007EA960 /* Release */,
			);
			defaultConfigurationIsVisible = 0;
			defaultConfigurationName = Release;
		};
/* End XCConfigurationList section */

/* Begin XCRemoteSwiftPackageReference section */
		FB1721062ADF293F006EF237 /* XCRemoteSwiftPackageReference "iPhoneNumberField" */ = {
			isa = XCRemoteSwiftPackageReference;
			repositoryURL = "https://github.com/MojtabaHs/iPhoneNumberField";
			requirement = {
				kind = upToNextMajorVersion;
				minimumVersion = 0.10.1;
			};
		};
		FB1721092ADF30F4006EF237 /* XCRemoteSwiftPackageReference "Kingfisher" */ = {
			isa = XCRemoteSwiftPackageReference;
			repositoryURL = "https://github.com/onevcat/Kingfisher.git";
			requirement = {
				kind = upToNextMajorVersion;
				minimumVersion = 7.9.1;
			};
		};
		FB2CB6622ABCF6F30045B3C0 /* XCRemoteSwiftPackageReference "Alamofire" */ = {
			isa = XCRemoteSwiftPackageReference;
			repositoryURL = "https://github.com/Alamofire/Alamofire.git";
			requirement = {
				kind = upToNextMajorVersion;
				minimumVersion = 5.8.0;
			};
		};
		FB5CE3922AD8A58E00F0FC0C /* XCRemoteSwiftPackageReference "SwiftyJSON" */ = {
			isa = XCRemoteSwiftPackageReference;
			repositoryURL = "https://github.com/SwiftyJSON/SwiftyJSON.git";
			requirement = {
				kind = upToNextMajorVersion;
				minimumVersion = 5.0.1;
			};
		};
		FBB310A22AB9018600980ACE /* XCRemoteSwiftPackageReference "firebase-ios-sdk" */ = {
			isa = XCRemoteSwiftPackageReference;
			repositoryURL = "https://github.com/firebase/firebase-ios-sdk";
			requirement = {
				kind = upToNextMajorVersion;
				minimumVersion = 10.15.0;
			};
		};
		FBB310A62AB9040F00980ACE /* XCRemoteSwiftPackageReference "firebase-ios-sdk" */ = {
			isa = XCRemoteSwiftPackageReference;
			repositoryURL = "https://github.com/firebase/firebase-ios-sdk";
			requirement = {
				kind = upToNextMajorVersion;
				minimumVersion = 10.15.0;
			};
		};
		FBB310AF2AB9053500980ACE /* XCRemoteSwiftPackageReference "GoogleSignIn-iOS" */ = {
			isa = XCRemoteSwiftPackageReference;
			repositoryURL = "https://github.com/google/GoogleSignIn-iOS";
			requirement = {
				kind = upToNextMajorVersion;
				minimumVersion = 7.0.0;
			};
		};
/* End XCRemoteSwiftPackageReference section */

/* Begin XCSwiftPackageProductDependency section */
		FB1721072ADF293F006EF237 /* iPhoneNumberField */ = {
			isa = XCSwiftPackageProductDependency;
			package = FB1721062ADF293F006EF237 /* XCRemoteSwiftPackageReference "iPhoneNumberField" */;
			productName = iPhoneNumberField;
		};
		FB17210A2ADF30F4006EF237 /* Kingfisher */ = {
			isa = XCSwiftPackageProductDependency;
			package = FB1721092ADF30F4006EF237 /* XCRemoteSwiftPackageReference "Kingfisher" */;
			productName = Kingfisher;
		};
		FB2CB6632ABCF6F30045B3C0 /* Alamofire */ = {
			isa = XCSwiftPackageProductDependency;
			package = FB2CB6622ABCF6F30045B3C0 /* XCRemoteSwiftPackageReference "Alamofire" */;
			productName = Alamofire;
		};
		FB5CE3932AD8A58E00F0FC0C /* SwiftyJSON */ = {
			isa = XCSwiftPackageProductDependency;
			package = FB5CE3922AD8A58E00F0FC0C /* XCRemoteSwiftPackageReference "SwiftyJSON" */;
			productName = SwiftyJSON;
		};
		FBB310A72AB9040F00980ACE /* FirebaseAuth */ = {
			isa = XCSwiftPackageProductDependency;
			package = FBB310A22AB9018600980ACE /* XCRemoteSwiftPackageReference "firebase-ios-sdk" */;
			productName = FirebaseAuth;
		};
		FBB310A92AB9040F00980ACE /* FirebaseFirestore */ = {
			isa = XCSwiftPackageProductDependency;
			package = FBB310A22AB9018600980ACE /* XCRemoteSwiftPackageReference "firebase-ios-sdk" */;
			productName = FirebaseFirestore;
		};
		FBB310AB2AB9040F00980ACE /* FirebaseFirestoreSwift */ = {
			isa = XCSwiftPackageProductDependency;
			package = FBB310A22AB9018600980ACE /* XCRemoteSwiftPackageReference "firebase-ios-sdk" */;
			productName = FirebaseFirestoreSwift;
		};
		FBB310AD2AB9040F00980ACE /* FirebaseStorage */ = {
			isa = XCSwiftPackageProductDependency;
			package = FBB310A22AB9018600980ACE /* XCRemoteSwiftPackageReference "firebase-ios-sdk" */;
			productName = FirebaseStorage;
		};
		FBB310B02AB9053500980ACE /* GoogleSignIn */ = {
			isa = XCSwiftPackageProductDependency;
			package = FBB310AF2AB9053500980ACE /* XCRemoteSwiftPackageReference "GoogleSignIn-iOS" */;
			productName = GoogleSignIn;
		};
		FBB310B22AB9053500980ACE /* GoogleSignInSwift */ = {
			isa = XCSwiftPackageProductDependency;
			package = FBB310AF2AB9053500980ACE /* XCRemoteSwiftPackageReference "GoogleSignIn-iOS" */;
			productName = GoogleSignInSwift;
		};
/* End XCSwiftPackageProductDependency section */
	};
	rootObject = 7FA9D1CA2AB7CE57007EA960 /* Project object */;
}
