// !$*UTF8*$!
{
	archiveVersion = 1;
	classes = {
	};
	objectVersion = 56;
	objects = {

/* Begin PBXBuildFile section */
		7FA9D1D62AB7CE57007EA960 /* FrisaApp.swift in Sources */ = {isa = PBXBuildFile; fileRef = 7FA9D1D52AB7CE57007EA960 /* FrisaApp.swift */; };
		7FA9D1D82AB7CE57007EA960 /* ContentView.swift in Sources */ = {isa = PBXBuildFile; fileRef = 7FA9D1D72AB7CE57007EA960 /* ContentView.swift */; };
		7FA9D1DA2AB7CE57007EA960 /* Item.swift in Sources */ = {isa = PBXBuildFile; fileRef = 7FA9D1D92AB7CE57007EA960 /* Item.swift */; };
		7FA9D1DC2AB7CE5A007EA960 /* Assets.xcassets in Resources */ = {isa = PBXBuildFile; fileRef = 7FA9D1DB2AB7CE5A007EA960 /* Assets.xcassets */; };
		7FA9D1E02AB7CE5A007EA960 /* Preview Assets.xcassets in Resources */ = {isa = PBXBuildFile; fileRef = 7FA9D1DF2AB7CE5A007EA960 /* Preview Assets.xcassets */; };
		7FA9D1EA2AB7CE5A007EA960 /* FrisaTests.swift in Sources */ = {isa = PBXBuildFile; fileRef = 7FA9D1E92AB7CE5A007EA960 /* FrisaTests.swift */; };
		7FA9D1F42AB7CE5A007EA960 /* FrisaUITests.swift in Sources */ = {isa = PBXBuildFile; fileRef = 7FA9D1F32AB7CE5A007EA960 /* FrisaUITests.swift */; };
		7FA9D1F62AB7CE5A007EA960 /* FrisaUITestsLaunchTests.swift in Sources */ = {isa = PBXBuildFile; fileRef = 7FA9D1F52AB7CE5A007EA960 /* FrisaUITestsLaunchTests.swift */; };
		7FA9D2032AB7CEBE007EA960 /* Login.swift in Sources */ = {isa = PBXBuildFile; fileRef = 7FA9D2022AB7CEBE007EA960 /* Login.swift */; };
		7FA9D2052AB80304007EA960 /* Register.swift in Sources */ = {isa = PBXBuildFile; fileRef = 7FA9D2042AB80304007EA960 /* Register.swift */; };
		7FA9D2092AB82D8D007EA960 /* Mainp.swift in Sources */ = {isa = PBXBuildFile; fileRef = 7FA9D2082AB82D8D007EA960 /* Mainp.swift */; };
/* End PBXBuildFile section */

/* Begin PBXContainerItemProxy section */
		7FA9D1E62AB7CE5A007EA960 /* PBXContainerItemProxy */ = {
			isa = PBXContainerItemProxy;
			containerPortal = 7FA9D1CA2AB7CE57007EA960 /* Project object */;
			proxyType = 1;
			remoteGlobalIDString = 7FA9D1D12AB7CE57007EA960;
			remoteInfo = Frisa;
		};
		7FA9D1F02AB7CE5A007EA960 /* PBXContainerItemProxy */ = {
			isa = PBXContainerItemProxy;
			containerPortal = 7FA9D1CA2AB7CE57007EA960 /* Project object */;
			proxyType = 1;
			remoteGlobalIDString = 7FA9D1D12AB7CE57007EA960;
			remoteInfo = Frisa;
		};
/* End PBXContainerItemProxy section */

/* Begin PBXFileReference section */
		7FA9D1D22AB7CE57007EA960 /* Frisa.app */ = {isa = PBXFileReference; explicitFileType = wrapper.application; includeInIndex = 0; path = Frisa.app; sourceTree = BUILT_PRODUCTS_DIR; };
		7FA9D1D52AB7CE57007EA960 /* FrisaApp.swift */ = {isa = PBXFileReference; lastKnownFileType = sourcecode.swift; path = FrisaApp.swift; sourceTree = "<group>"; };
		7FA9D1D72AB7CE57007EA960 /* ContentView.swift */ = {isa = PBXFileReference; lastKnownFileType = sourcecode.swift; path = ContentView.swift; sourceTree = "<group>"; };
		7FA9D1D92AB7CE57007EA960 /* Item.swift */ = {isa = PBXFileReference; lastKnownFileType = sourcecode.swift; path = Item.swift; sourceTree = "<group>"; };
		7FA9D1DB2AB7CE5A007EA960 /* Assets.xcassets */ = {isa = PBXFileReference; lastKnownFileType = folder.assetcatalog; path = Assets.xcassets; sourceTree = "<group>"; };
		7FA9D1DD2AB7CE5A007EA960 /* Frisa.entitlements */ = {isa = PBXFileReference; lastKnownFileType = text.plist.entitlements; path = Frisa.entitlements; sourceTree = "<group>"; };
		7FA9D1DF2AB7CE5A007EA960 /* Preview Assets.xcassets */ = {isa = PBXFileReference; lastKnownFileType = folder.assetcatalog; path = "Preview Assets.xcassets"; sourceTree = "<group>"; };
		7FA9D1E52AB7CE5A007EA960 /* FrisaTests.xctest */ = {isa = PBXFileReference; explicitFileType = wrapper.cfbundle; includeInIndex = 0; path = FrisaTests.xctest; sourceTree = BUILT_PRODUCTS_DIR; };
		7FA9D1E92AB7CE5A007EA960 /* FrisaTests.swift */ = {isa = PBXFileReference; lastKnownFileType = sourcecode.swift; path = FrisaTests.swift; sourceTree = "<group>"; };
		7FA9D1EF2AB7CE5A007EA960 /* FrisaUITests.xctest */ = {isa = PBXFileReference; explicitFileType = wrapper.cfbundle; includeInIndex = 0; path = FrisaUITests.xctest; sourceTree = BUILT_PRODUCTS_DIR; };
		7FA9D1F32AB7CE5A007EA960 /* FrisaUITests.swift */ = {isa = PBXFileReference; lastKnownFileType = sourcecode.swift; path = FrisaUITests.swift; sourceTree = "<group>"; };
		7FA9D1F52AB7CE5A007EA960 /* FrisaUITestsLaunchTests.swift */ = {isa = PBXFileReference; lastKnownFileType = sourcecode.swift; path = FrisaUITestsLaunchTests.swift; sourceTree = "<group>"; };
		7FA9D2022AB7CEBE007EA960 /* Login.swift */ = {isa = PBXFileReference; lastKnownFileType = sourcecode.swift; path = Login.swift; sourceTree = "<group>"; };
		7FA9D2042AB80304007EA960 /* Register.swift */ = {isa = PBXFileReference; lastKnownFileType = sourcecode.swift; path = Register.swift; sourceTree = "<group>"; };
		7FA9D2082AB82D8D007EA960 /* Mainp.swift */ = {isa = PBXFileReference; lastKnownFileType = sourcecode.swift; path = Mainp.swift; sourceTree = "<group>"; };
/* End PBXFileReference section */

/* Begin PBXFrameworksBuildPhase section */
		7FA9D1CF2AB7CE57007EA960 /* Frameworks */ = {
			isa = PBXFrameworksBuildPhase;
			buildActionMask = 2147483647;
			files = (
			);
			runOnlyForDeploymentPostprocessing = 0;
		};
		7FA9D1E22AB7CE5A007EA960 /* Frameworks */ = {
			isa = PBXFrameworksBuildPhase;
			buildActionMask = 2147483647;
			files = (
			);
			runOnlyForDeploymentPostprocessing = 0;
		};
		7FA9D1EC2AB7CE5A007EA960 /* Frameworks */ = {
			isa = PBXFrameworksBuildPhase;
			buildActionMask = 2147483647;
			files = (
			);
			runOnlyForDeploymentPostprocessing = 0;
		};
/* End PBXFrameworksBuildPhase section */

/* Begin PBXGroup section */
		7FA9D1C92AB7CE57007EA960 = {
			isa = PBXGroup;
			children = (
				7FA9D1D42AB7CE57007EA960 /* Frisa */,
				7FA9D1E82AB7CE5A007EA960 /* FrisaTests */,
				7FA9D1F22AB7CE5A007EA960 /* FrisaUITests */,
				7FA9D1D32AB7CE57007EA960 /* Products */,
			);
			sourceTree = "<group>";
		};
		7FA9D1D32AB7CE57007EA960 /* Products */ = {
			isa = PBXGroup;
			children = (
				7FA9D1D22AB7CE57007EA960 /* Frisa.app */,
				7FA9D1E52AB7CE5A007EA960 /* FrisaTests.xctest */,
				7FA9D1EF2AB7CE5A007EA960 /* FrisaUITests.xctest */,
			);
			name = Products;
			sourceTree = "<group>";
		};
		7FA9D1D42AB7CE57007EA960 /* Frisa */ = {
			isa = PBXGroup;
			children = (
				7FA9D1D52AB7CE57007EA960 /* FrisaApp.swift */,
				7FA9D2082AB82D8D007EA960 /* Mainp.swift */,
				7FA9D1D72AB7CE57007EA960 /* ContentView.swift */,
				7FA9D2022AB7CEBE007EA960 /* Login.swift */,
				7FA9D2042AB80304007EA960 /* Register.swift */,
				7FA9D1D92AB7CE57007EA960 /* Item.swift */,
				7FA9D1DB2AB7CE5A007EA960 /* Assets.xcassets */,
				7FA9D1DD2AB7CE5A007EA960 /* Frisa.entitlements */,
				7FA9D1DE2AB7CE5A007EA960 /* Preview Content */,
			);
			path = Frisa;
			sourceTree = "<group>";
		};
		7FA9D1DE2AB7CE5A007EA960 /* Preview Content */ = {
			isa = PBXGroup;
			children = (
				7FA9D1DF2AB7CE5A007EA960 /* Preview Assets.xcassets */,
			);
			path = "Preview Content";
			sourceTree = "<group>";
		};
		7FA9D1E82AB7CE5A007EA960 /* FrisaTests */ = {
			isa = PBXGroup;
			children = (
				7FA9D1E92AB7CE5A007EA960 /* FrisaTests.swift */,
			);
			path = FrisaTests;
			sourceTree = "<group>";
		};
		7FA9D1F22AB7CE5A007EA960 /* FrisaUITests */ = {
			isa = PBXGroup;
			children = (
				7FA9D1F32AB7CE5A007EA960 /* FrisaUITests.swift */,
				7FA9D1F52AB7CE5A007EA960 /* FrisaUITestsLaunchTests.swift */,
			);
			path = FrisaUITests;
			sourceTree = "<group>";
		};
/* End PBXGroup section */

/* Begin PBXNativeTarget section */
		7FA9D1D12AB7CE57007EA960 /* Frisa */ = {
			isa = PBXNativeTarget;
			buildConfigurationList = 7FA9D1F92AB7CE5A007EA960 /* Build configuration list for PBXNativeTarget "Frisa" */;
			buildPhases = (
				7FA9D1CE2AB7CE57007EA960 /* Sources */,
				7FA9D1CF2AB7CE57007EA960 /* Frameworks */,
				7FA9D1D02AB7CE57007EA960 /* Resources */,
			);
			buildRules = (
			);
			dependencies = (
			);
			name = Frisa;
			productName = Frisa;
			productReference = 7FA9D1D22AB7CE57007EA960 /* Frisa.app */;
			productType = "com.apple.product-type.application";
		};
		7FA9D1E42AB7CE5A007EA960 /* FrisaTests */ = {
			isa = PBXNativeTarget;
			buildConfigurationList = 7FA9D1FC2AB7CE5A007EA960 /* Build configuration list for PBXNativeTarget "FrisaTests" */;
			buildPhases = (
				7FA9D1E12AB7CE5A007EA960 /* Sources */,
				7FA9D1E22AB7CE5A007EA960 /* Frameworks */,
				7FA9D1E32AB7CE5A007EA960 /* Resources */,
			);
			buildRules = (
			);
			dependencies = (
				7FA9D1E72AB7CE5A007EA960 /* PBXTargetDependency */,
			);
			name = FrisaTests;
			productName = FrisaTests;
			productReference = 7FA9D1E52AB7CE5A007EA960 /* FrisaTests.xctest */;
			productType = "com.apple.product-type.bundle.unit-test";
		};
		7FA9D1EE2AB7CE5A007EA960 /* FrisaUITests */ = {
			isa = PBXNativeTarget;
			buildConfigurationList = 7FA9D1FF2AB7CE5A007EA960 /* Build configuration list for PBXNativeTarget "FrisaUITests" */;
			buildPhases = (
				7FA9D1EB2AB7CE5A007EA960 /* Sources */,
				7FA9D1EC2AB7CE5A007EA960 /* Frameworks */,
				7FA9D1ED2AB7CE5A007EA960 /* Resources */,
			);
			buildRules = (
			);
			dependencies = (
				7FA9D1F12AB7CE5A007EA960 /* PBXTargetDependency */,
			);
			name = FrisaUITests;
			productName = FrisaUITests;
			productReference = 7FA9D1EF2AB7CE5A007EA960 /* FrisaUITests.xctest */;
			productType = "com.apple.product-type.bundle.ui-testing";
		};
/* End PBXNativeTarget section */

/* Begin PBXProject section */
		7FA9D1CA2AB7CE57007EA960 /* Project object */ = {
			isa = PBXProject;
			attributes = {
				BuildIndependentTargetsInParallel = 1;
				LastSwiftUpdateCheck = 1500;
				LastUpgradeCheck = 1500;
				TargetAttributes = {
					7FA9D1D12AB7CE57007EA960 = {
						CreatedOnToolsVersion = 15.0;
					};
					7FA9D1E42AB7CE5A007EA960 = {
						CreatedOnToolsVersion = 15.0;
						TestTargetID = 7FA9D1D12AB7CE57007EA960;
					};
					7FA9D1EE2AB7CE5A007EA960 = {
						CreatedOnToolsVersion = 15.0;
						TestTargetID = 7FA9D1D12AB7CE57007EA960;
					};
				};
			};
			buildConfigurationList = 7FA9D1CD2AB7CE57007EA960 /* Build configuration list for PBXProject "Frisa" */;
			compatibilityVersion = "Xcode 14.0";
			developmentRegion = en;
			hasScannedForEncodings = 0;
			knownRegions = (
				en,
				Base,
			);
			mainGroup = 7FA9D1C92AB7CE57007EA960;
			productRefGroup = 7FA9D1D32AB7CE57007EA960 /* Products */;
			projectDirPath = "";
			projectRoot = "";
			targets = (
				7FA9D1D12AB7CE57007EA960 /* Frisa */,
				7FA9D1E42AB7CE5A007EA960 /* FrisaTests */,
				7FA9D1EE2AB7CE5A007EA960 /* FrisaUITests */,
			);
		};
/* End PBXProject section */

/* Begin PBXResourcesBuildPhase section */
		7FA9D1D02AB7CE57007EA960 /* Resources */ = {
			isa = PBXResourcesBuildPhase;
			buildActionMask = 2147483647;
			files = (
				7FA9D1E02AB7CE5A007EA960 /* Preview Assets.xcassets in Resources */,
				7FA9D1DC2AB7CE5A007EA960 /* Assets.xcassets in Resources */,
			);
			runOnlyForDeploymentPostprocessing = 0;
		};
		7FA9D1E32AB7CE5A007EA960 /* Resources */ = {
			isa = PBXResourcesBuildPhase;
			buildActionMask = 2147483647;
			files = (
			);
			runOnlyForDeploymentPostprocessing = 0;
		};
		7FA9D1ED2AB7CE5A007EA960 /* Resources */ = {
			isa = PBXResourcesBuildPhase;
			buildActionMask = 2147483647;
			files = (
			);
			runOnlyForDeploymentPostprocessing = 0;
		};
/* End PBXResourcesBuildPhase section */

/* Begin PBXSourcesBuildPhase section */
		7FA9D1CE2AB7CE57007EA960 /* Sources */ = {
			isa = PBXSourcesBuildPhase;
			buildActionMask = 2147483647;
			files = (
				7FA9D1D82AB7CE57007EA960 /* ContentView.swift in Sources */,
				7FA9D2092AB82D8D007EA960 /* Mainp.swift in Sources */,
				7FA9D1DA2AB7CE57007EA960 /* Item.swift in Sources */,
				7FA9D1D62AB7CE57007EA960 /* FrisaApp.swift in Sources */,
				7FA9D2032AB7CEBE007EA960 /* Login.swift in Sources */,
				7FA9D2052AB80304007EA960 /* Register.swift in Sources */,
			);
			runOnlyForDeploymentPostprocessing = 0;
		};
		7FA9D1E12AB7CE5A007EA960 /* Sources */ = {
			isa = PBXSourcesBuildPhase;
			buildActionMask = 2147483647;
			files = (
				7FA9D1EA2AB7CE5A007EA960 /* FrisaTests.swift in Sources */,
			);
			runOnlyForDeploymentPostprocessing = 0;
		};
		7FA9D1EB2AB7CE5A007EA960 /* Sources */ = {
			isa = PBXSourcesBuildPhase;
			buildActionMask = 2147483647;
			files = (
				7FA9D1F62AB7CE5A007EA960 /* FrisaUITestsLaunchTests.swift in Sources */,
				7FA9D1F42AB7CE5A007EA960 /* FrisaUITests.swift in Sources */,
			);
			runOnlyForDeploymentPostprocessing = 0;
		};
/* End PBXSourcesBuildPhase section */

/* Begin PBXTargetDependency section */
		7FA9D1E72AB7CE5A007EA960 /* PBXTargetDependency */ = {
			isa = PBXTargetDependency;
			target = 7FA9D1D12AB7CE57007EA960 /* Frisa */;
			targetProxy = 7FA9D1E62AB7CE5A007EA960 /* PBXContainerItemProxy */;
		};
		7FA9D1F12AB7CE5A007EA960 /* PBXTargetDependency */ = {
			isa = PBXTargetDependency;
			target = 7FA9D1D12AB7CE57007EA960 /* Frisa */;
			targetProxy = 7FA9D1F02AB7CE5A007EA960 /* PBXContainerItemProxy */;
		};
/* End PBXTargetDependency section */

/* Begin XCBuildConfiguration section */
		7FA9D1F72AB7CE5A007EA960 /* Debug */ = {
			isa = XCBuildConfiguration;
			buildSettings = {
				ALWAYS_SEARCH_USER_PATHS = NO;
				ASSETCATALOG_COMPILER_GENERATE_SWIFT_ASSET_SYMBOL_EXTENSIONS = YES;
				CLANG_ANALYZER_NONNULL = YES;
				CLANG_ANALYZER_NUMBER_OBJECT_CONVERSION = YES_AGGRESSIVE;
				CLANG_CXX_LANGUAGE_STANDARD = "gnu++20";
				CLANG_ENABLE_MODULES = YES;
				CLANG_ENABLE_OBJC_ARC = YES;
				CLANG_ENABLE_OBJC_WEAK = YES;
				CLANG_WARN_BLOCK_CAPTURE_AUTORELEASING = YES;
				CLANG_WARN_BOOL_CONVERSION = YES;
				CLANG_WARN_COMMA = YES;
				CLANG_WARN_CONSTANT_CONVERSION = YES;
				CLANG_WARN_DEPRECATED_OBJC_IMPLEMENTATIONS = YES;
				CLANG_WARN_DIRECT_OBJC_ISA_USAGE = YES_ERROR;
				CLANG_WARN_DOCUMENTATION_COMMENTS = YES;
				CLANG_WARN_EMPTY_BODY = YES;
				CLANG_WARN_ENUM_CONVERSION = YES;
				CLANG_WARN_INFINITE_RECURSION = YES;
				CLANG_WARN_INT_CONVERSION = YES;
				CLANG_WARN_NON_LITERAL_NULL_CONVERSION = YES;
				CLANG_WARN_OBJC_IMPLICIT_RETAIN_SELF = YES;
				CLANG_WARN_OBJC_LITERAL_CONVERSION = YES;
				CLANG_WARN_OBJC_ROOT_CLASS = YES_ERROR;
				CLANG_WARN_QUOTED_INCLUDE_IN_FRAMEWORK_HEADER = YES;
				CLANG_WARN_RANGE_LOOP_ANALYSIS = YES;
				CLANG_WARN_STRICT_PROTOTYPES = YES;
				CLANG_WARN_SUSPICIOUS_MOVE = YES;
				CLANG_WARN_UNGUARDED_AVAILABILITY = YES_AGGRESSIVE;
				CLANG_WARN_UNREACHABLE_CODE = YES;
				CLANG_WARN__DUPLICATE_METHOD_MATCH = YES;
				COPY_PHASE_STRIP = NO;
				DEBUG_INFORMATION_FORMAT = dwarf;
				ENABLE_STRICT_OBJC_MSGSEND = YES;
				ENABLE_TESTABILITY = YES;
				ENABLE_USER_SCRIPT_SANDBOXING = YES;
				GCC_C_LANGUAGE_STANDARD = gnu17;
				GCC_DYNAMIC_NO_PIC = NO;
				GCC_NO_COMMON_BLOCKS = YES;
				GCC_OPTIMIZATION_LEVEL = 0;
				GCC_PREPROCESSOR_DEFINITIONS = (
					"DEBUG=1",
					"$(inherited)",
				);
				GCC_WARN_64_TO_32_BIT_CONVERSION = YES;
				GCC_WARN_ABOUT_RETURN_TYPE = YES_ERROR;
				GCC_WARN_UNDECLARED_SELECTOR = YES;
				GCC_WARN_UNINITIALIZED_AUTOS = YES_AGGRESSIVE;
				GCC_WARN_UNUSED_FUNCTION = YES;
				GCC_WARN_UNUSED_VARIABLE = YES;
				LOCALIZATION_PREFERS_STRING_CATALOGS = YES;
				MTL_ENABLE_DEBUG_INFO = INCLUDE_SOURCE;
				MTL_FAST_MATH = YES;
				ONLY_ACTIVE_ARCH = YES;
				SWIFT_ACTIVE_COMPILATION_CONDITIONS = "DEBUG $(inherited)";
				SWIFT_OPTIMIZATION_LEVEL = "-Onone";
			};
			name = Debug;
		};
		7FA9D1F82AB7CE5A007EA960 /* Release */ = {
			isa = XCBuildConfiguration;
			buildSettings = {
				ALWAYS_SEARCH_USER_PATHS = NO;
				ASSETCATALOG_COMPILER_GENERATE_SWIFT_ASSET_SYMBOL_EXTENSIONS = YES;
				CLANG_ANALYZER_NONNULL = YES;
				CLANG_ANALYZER_NUMBER_OBJECT_CONVERSION = YES_AGGRESSIVE;
				CLANG_CXX_LANGUAGE_STANDARD = "gnu++20";
				CLANG_ENABLE_MODULES = YES;
				CLANG_ENABLE_OBJC_ARC = YES;
				CLANG_ENABLE_OBJC_WEAK = YES;
				CLANG_WARN_BLOCK_CAPTURE_AUTORELEASING = YES;
				CLANG_WARN_BOOL_CONVERSION = YES;
				CLANG_WARN_COMMA = YES;
				CLANG_WARN_CONSTANT_CONVERSION = YES;
				CLANG_WARN_DEPRECATED_OBJC_IMPLEMENTATIONS = YES;
				CLANG_WARN_DIRECT_OBJC_ISA_USAGE = YES_ERROR;
				CLANG_WARN_DOCUMENTATION_COMMENTS = YES;
				CLANG_WARN_EMPTY_BODY = YES;
				CLANG_WARN_ENUM_CONVERSION = YES;
				CLANG_WARN_INFINITE_RECURSION = YES;
				CLANG_WARN_INT_CONVERSION = YES;
				CLANG_WARN_NON_LITERAL_NULL_CONVERSION = YES;
				CLANG_WARN_OBJC_IMPLICIT_RETAIN_SELF = YES;
				CLANG_WARN_OBJC_LITERAL_CONVERSION = YES;
				CLANG_WARN_OBJC_ROOT_CLASS = YES_ERROR;
				CLANG_WARN_QUOTED_INCLUDE_IN_FRAMEWORK_HEADER = YES;
				CLANG_WARN_RANGE_LOOP_ANALYSIS = YES;
				CLANG_WARN_STRICT_PROTOTYPES = YES;
				CLANG_WARN_SUSPICIOUS_MOVE = YES;
				CLANG_WARN_UNGUARDED_AVAILABILITY = YES_AGGRESSIVE;
				CLANG_WARN_UNREACHABLE_CODE = YES;
				CLANG_WARN__DUPLICATE_METHOD_MATCH = YES;
				COPY_PHASE_STRIP = NO;
				DEBUG_INFORMATION_FORMAT = "dwarf-with-dsym";
				ENABLE_NS_ASSERTIONS = NO;
				ENABLE_STRICT_OBJC_MSGSEND = YES;
				ENABLE_USER_SCRIPT_SANDBOXING = YES;
				GCC_C_LANGUAGE_STANDARD = gnu17;
				GCC_NO_COMMON_BLOCKS = YES;
				GCC_WARN_64_TO_32_BIT_CONVERSION = YES;
				GCC_WARN_ABOUT_RETURN_TYPE = YES_ERROR;
				GCC_WARN_UNDECLARED_SELECTOR = YES;
				GCC_WARN_UNINITIALIZED_AUTOS = YES_AGGRESSIVE;
				GCC_WARN_UNUSED_FUNCTION = YES;
				GCC_WARN_UNUSED_VARIABLE = YES;
				LOCALIZATION_PREFERS_STRING_CATALOGS = YES;
				MTL_ENABLE_DEBUG_INFO = NO;
				MTL_FAST_MATH = YES;
				SWIFT_COMPILATION_MODE = wholemodule;
			};
			name = Release;
		};
		7FA9D1FA2AB7CE5A007EA960 /* Debug */ = {
			isa = XCBuildConfiguration;
			buildSettings = {
				ASSETCATALOG_COMPILER_APPICON_NAME = AppIcon;
				ASSETCATALOG_COMPILER_GLOBAL_ACCENT_COLOR_NAME = AccentColor;
				CODE_SIGN_ENTITLEMENTS = Frisa/Frisa.entitlements;
				CODE_SIGN_STYLE = Automatic;
				CURRENT_PROJECT_VERSION = 1;
				DEVELOPMENT_ASSET_PATHS = "\"Frisa/Preview Content\"";
				DEVELOPMENT_TEAM = 952453PM2T;
				ENABLE_HARDENED_RUNTIME = YES;
				ENABLE_PREVIEWS = YES;
				GENERATE_INFOPLIST_FILE = YES;
				"INFOPLIST_KEY_UIApplicationSceneManifest_Generation[sdk=iphoneos*]" = YES;
				"INFOPLIST_KEY_UIApplicationSceneManifest_Generation[sdk=iphonesimulator*]" = YES;
				"INFOPLIST_KEY_UIApplicationSupportsIndirectInputEvents[sdk=iphoneos*]" = YES;
				"INFOPLIST_KEY_UIApplicationSupportsIndirectInputEvents[sdk=iphonesimulator*]" = YES;
				"INFOPLIST_KEY_UILaunchScreen_Generation[sdk=iphoneos*]" = YES;
				"INFOPLIST_KEY_UILaunchScreen_Generation[sdk=iphonesimulator*]" = YES;
				"INFOPLIST_KEY_UIStatusBarStyle[sdk=iphoneos*]" = UIStatusBarStyleDefault;
				"INFOPLIST_KEY_UIStatusBarStyle[sdk=iphonesimulator*]" = UIStatusBarStyleDefault;
				INFOPLIST_KEY_UISupportedInterfaceOrientations_iPad = "UIInterfaceOrientationPortrait UIInterfaceOrientationPortraitUpsideDown UIInterfaceOrientationLandscapeLeft UIInterfaceOrientationLandscapeRight";
				INFOPLIST_KEY_UISupportedInterfaceOrientations_iPhone = "UIInterfaceOrientationPortrait UIInterfaceOrientationLandscapeLeft UIInterfaceOrientationLandscapeRight";
				IPHONEOS_DEPLOYMENT_TARGET = 17.0;
				LD_RUNPATH_SEARCH_PATHS = "@executable_path/Frameworks";
				"LD_RUNPATH_SEARCH_PATHS[sdk=macosx*]" = "@executable_path/../Frameworks";
				MACOSX_DEPLOYMENT_TARGET = 14.0;
				MARKETING_VERSION = 1.0;
				PRODUCT_BUNDLE_IDENTIFIER = Tec.Frisa;
				PRODUCT_NAME = "$(TARGET_NAME)";
				SDKROOT = auto;
				SUPPORTED_PLATFORMS = "iphoneos iphonesimulator macosx";
				SWIFT_EMIT_LOC_STRINGS = YES;
				SWIFT_VERSION = 5.0;
				TARGETED_DEVICE_FAMILY = "1,2";
			};
			name = Debug;
		};
		7FA9D1FB2AB7CE5A007EA960 /* Release */ = {
			isa = XCBuildConfiguration;
			buildSettings = {
				ASSETCATALOG_COMPILER_APPICON_NAME = AppIcon;
				ASSETCATALOG_COMPILER_GLOBAL_ACCENT_COLOR_NAME = AccentColor;
				CODE_SIGN_ENTITLEMENTS = Frisa/Frisa.entitlements;
				CODE_SIGN_STYLE = Automatic;
				CURRENT_PROJECT_VERSION = 1;
				DEVELOPMENT_ASSET_PATHS = "\"Frisa/Preview Content\"";
				DEVELOPMENT_TEAM = 952453PM2T;
				ENABLE_HARDENED_RUNTIME = YES;
				ENABLE_PREVIEWS = YES;
				GENERATE_INFOPLIST_FILE = YES;
				"INFOPLIST_KEY_UIApplicationSceneManifest_Generation[sdk=iphoneos*]" = YES;
				"INFOPLIST_KEY_UIApplicationSceneManifest_Generation[sdk=iphonesimulator*]" = YES;
				"INFOPLIST_KEY_UIApplicationSupportsIndirectInputEvents[sdk=iphoneos*]" = YES;
				"INFOPLIST_KEY_UIApplicationSupportsIndirectInputEvents[sdk=iphonesimulator*]" = YES;
				"INFOPLIST_KEY_UILaunchScreen_Generation[sdk=iphoneos*]" = YES;
				"INFOPLIST_KEY_UILaunchScreen_Generation[sdk=iphonesimulator*]" = YES;
				"INFOPLIST_KEY_UIStatusBarStyle[sdk=iphoneos*]" = UIStatusBarStyleDefault;
				"INFOPLIST_KEY_UIStatusBarStyle[sdk=iphonesimulator*]" = UIStatusBarStyleDefault;
				INFOPLIST_KEY_UISupportedInterfaceOrientations_iPad = "UIInterfaceOrientationPortrait UIInterfaceOrientationPortraitUpsideDown UIInterfaceOrientationLandscapeLeft UIInterfaceOrientationLandscapeRight";
				INFOPLIST_KEY_UISupportedInterfaceOrientations_iPhone = "UIInterfaceOrientationPortrait UIInterfaceOrientationLandscapeLeft UIInterfaceOrientationLandscapeRight";
				IPHONEOS_DEPLOYMENT_TARGET = 17.0;
				LD_RUNPATH_SEARCH_PATHS = "@executable_path/Frameworks";
				"LD_RUNPATH_SEARCH_PATHS[sdk=macosx*]" = "@executable_path/../Frameworks";
				MACOSX_DEPLOYMENT_TARGET = 14.0;
				MARKETING_VERSION = 1.0;
				PRODUCT_BUNDLE_IDENTIFIER = Tec.Frisa;
				PRODUCT_NAME = "$(TARGET_NAME)";
				SDKROOT = auto;
				SUPPORTED_PLATFORMS = "iphoneos iphonesimulator macosx";
				SWIFT_EMIT_LOC_STRINGS = YES;
				SWIFT_VERSION = 5.0;
				TARGETED_DEVICE_FAMILY = "1,2";
			};
			name = Release;
		};
		7FA9D1FD2AB7CE5A007EA960 /* Debug */ = {
			isa = XCBuildConfiguration;
			buildSettings = {
				ALWAYS_EMBED_SWIFT_STANDARD_LIBRARIES = YES;
				BUNDLE_LOADER = "$(TEST_HOST)";
				CODE_SIGN_STYLE = Automatic;
				CURRENT_PROJECT_VERSION = 1;
				DEVELOPMENT_TEAM = 952453PM2T;
				GENERATE_INFOPLIST_FILE = YES;
				IPHONEOS_DEPLOYMENT_TARGET = 17.0;
				MACOSX_DEPLOYMENT_TARGET = 13.4;
				MARKETING_VERSION = 1.0;
				PRODUCT_BUNDLE_IDENTIFIER = Tec.FrisaTests;
				PRODUCT_NAME = "$(TARGET_NAME)";
				SDKROOT = auto;
				SUPPORTED_PLATFORMS = "iphoneos iphonesimulator macosx";
				SWIFT_EMIT_LOC_STRINGS = NO;
				SWIFT_VERSION = 5.0;
				TARGETED_DEVICE_FAMILY = "1,2";
				TEST_HOST = "$(BUILT_PRODUCTS_DIR)/Frisa.app/$(BUNDLE_EXECUTABLE_FOLDER_PATH)/Frisa";
			};
			name = Debug;
		};
		7FA9D1FE2AB7CE5A007EA960 /* Release */ = {
			isa = XCBuildConfiguration;
			buildSettings = {
				ALWAYS_EMBED_SWIFT_STANDARD_LIBRARIES = YES;
				BUNDLE_LOADER = "$(TEST_HOST)";
				CODE_SIGN_STYLE = Automatic;
				CURRENT_PROJECT_VERSION = 1;
				DEVELOPMENT_TEAM = 952453PM2T;
				GENERATE_INFOPLIST_FILE = YES;
				IPHONEOS_DEPLOYMENT_TARGET = 17.0;
				MACOSX_DEPLOYMENT_TARGET = 13.4;
				MARKETING_VERSION = 1.0;
				PRODUCT_BUNDLE_IDENTIFIER = Tec.FrisaTests;
				PRODUCT_NAME = "$(TARGET_NAME)";
				SDKROOT = auto;
				SUPPORTED_PLATFORMS = "iphoneos iphonesimulator macosx";
				SWIFT_EMIT_LOC_STRINGS = NO;
				SWIFT_VERSION = 5.0;
				TARGETED_DEVICE_FAMILY = "1,2";
				TEST_HOST = "$(BUILT_PRODUCTS_DIR)/Frisa.app/$(BUNDLE_EXECUTABLE_FOLDER_PATH)/Frisa";
			};
			name = Release;
		};
		7FA9D2002AB7CE5A007EA960 /* Debug */ = {
			isa = XCBuildConfiguration;
			buildSettings = {
				ALWAYS_EMBED_SWIFT_STANDARD_LIBRARIES = YES;
				CODE_SIGN_STYLE = Automatic;
				CURRENT_PROJECT_VERSION = 1;
				DEVELOPMENT_TEAM = 952453PM2T;
				GENERATE_INFOPLIST_FILE = YES;
				IPHONEOS_DEPLOYMENT_TARGET = 17.0;
				MACOSX_DEPLOYMENT_TARGET = 13.4;
				MARKETING_VERSION = 1.0;
				PRODUCT_BUNDLE_IDENTIFIER = Tec.FrisaUITests;
				PRODUCT_NAME = "$(TARGET_NAME)";
				SDKROOT = auto;
				SUPPORTED_PLATFORMS = "iphoneos iphonesimulator macosx";
				SWIFT_EMIT_LOC_STRINGS = NO;
				SWIFT_VERSION = 5.0;
				TARGETED_DEVICE_FAMILY = "1,2";
				TEST_TARGET_NAME = Frisa;
			};
			name = Debug;
		};
		7FA9D2012AB7CE5A007EA960 /* Release */ = {
			isa = XCBuildConfiguration;
			buildSettings = {
				ALWAYS_EMBED_SWIFT_STANDARD_LIBRARIES = YES;
				CODE_SIGN_STYLE = Automatic;
				CURRENT_PROJECT_VERSION = 1;
				DEVELOPMENT_TEAM = 952453PM2T;
				GENERATE_INFOPLIST_FILE = YES;
				IPHONEOS_DEPLOYMENT_TARGET = 17.0;
				MACOSX_DEPLOYMENT_TARGET = 13.4;
				MARKETING_VERSION = 1.0;
				PRODUCT_BUNDLE_IDENTIFIER = Tec.FrisaUITests;
				PRODUCT_NAME = "$(TARGET_NAME)";
				SDKROOT = auto;
				SUPPORTED_PLATFORMS = "iphoneos iphonesimulator macosx";
				SWIFT_EMIT_LOC_STRINGS = NO;
				SWIFT_VERSION = 5.0;
				TARGETED_DEVICE_FAMILY = "1,2";
				TEST_TARGET_NAME = Frisa;
			};
			name = Release;
		};
/* End XCBuildConfiguration section */

/* Begin XCConfigurationList section */
		7FA9D1CD2AB7CE57007EA960 /* Build configuration list for PBXProject "Frisa" */ = {
			isa = XCConfigurationList;
			buildConfigurations = (
				7FA9D1F72AB7CE5A007EA960 /* Debug */,
				7FA9D1F82AB7CE5A007EA960 /* Release */,
			);
			defaultConfigurationIsVisible = 0;
			defaultConfigurationName = Release;
		};
		7FA9D1F92AB7CE5A007EA960 /* Build configuration list for PBXNativeTarget "Frisa" */ = {
			isa = XCConfigurationList;
			buildConfigurations = (
				7FA9D1FA2AB7CE5A007EA960 /* Debug */,
				7FA9D1FB2AB7CE5A007EA960 /* Release */,
			);
			defaultConfigurationIsVisible = 0;
			defaultConfigurationName = Release;
		};
		7FA9D1FC2AB7CE5A007EA960 /* Build configuration list for PBXNativeTarget "FrisaTests" */ = {
			isa = XCConfigurationList;
			buildConfigurations = (
				7FA9D1FD2AB7CE5A007EA960 /* Debug */,
				7FA9D1FE2AB7CE5A007EA960 /* Release */,
			);
			defaultConfigurationIsVisible = 0;
			defaultConfigurationName = Release;
		};
		7FA9D1FF2AB7CE5A007EA960 /* Build configuration list for PBXNativeTarget "FrisaUITests" */ = {
			isa = XCConfigurationList;
			buildConfigurations = (
				7FA9D2002AB7CE5A007EA960 /* Debug */,
				7FA9D2012AB7CE5A007EA960 /* Release */,
			);
			defaultConfigurationIsVisible = 0;
			defaultConfigurationName = Release;
		};
/* End XCConfigurationList section */
	};
	rootObject = 7FA9D1CA2AB7CE57007EA960 /* Project object */;
}
